// !$*UTF8*$!
{
	archiveVersion = 1;
	classes = {
	};
	objectVersion = 46;
	objects = {

/* Begin PBXBuildFile section */
		1AC6FB21180E996B004C840B /* libcocos2d Mac.a in Frameworks */ = {isa = PBXBuildFile; fileRef = 1AC6FAF9180E9839004C840B /* libcocos2d Mac.a */; };
		1AC6FB30180E99EB004C840B /* libcocos2d iOS.a in Frameworks */ = {isa = PBXBuildFile; fileRef = 1AC6FB07180E9839004C840B /* libcocos2d iOS.a */; };
		1D60589F0D05DD5A006BFB54 /* Foundation.framework in Frameworks */ = {isa = PBXBuildFile; fileRef = 1D30AB110D05D00D00671497 /* Foundation.framework */; };
		1DF5F4E00D08C38300B7A737 /* UIKit.framework in Frameworks */ = {isa = PBXBuildFile; fileRef = 1DF5F4DF0D08C38300B7A737 /* UIKit.framework */; };
		288765A50DF7441C002DB57D /* CoreGraphics.framework in Frameworks */ = {isa = PBXBuildFile; fileRef = 288765A40DF7441C002DB57D /* CoreGraphics.framework */; };
		503AE0F817EB97AB00D1A890 /* Icon.icns in Resources */ = {isa = PBXBuildFile; fileRef = 503AE0F617EB97AB00D1A890 /* Icon.icns */; };
		503AE10017EB989F00D1A890 /* AppController.mm in Sources */ = {isa = PBXBuildFile; fileRef = 503AE0FB17EB989F00D1A890 /* AppController.mm */; };
		503AE10117EB989F00D1A890 /* main.m in Sources */ = {isa = PBXBuildFile; fileRef = 503AE0FC17EB989F00D1A890 /* main.m */; };
		503AE10217EB989F00D1A890 /* RootViewController.mm in Sources */ = {isa = PBXBuildFile; fileRef = 503AE0FF17EB989F00D1A890 /* RootViewController.mm */; };
		503AE10517EB98FF00D1A890 /* main.cpp in Sources */ = {isa = PBXBuildFile; fileRef = 503AE10317EB98FF00D1A890 /* main.cpp */; };
		503AE11B17EB9C5A00D1A890 /* IOKit.framework in Frameworks */ = {isa = PBXBuildFile; fileRef = 503AE11A17EB9C5A00D1A890 /* IOKit.framework */; };
		5087E76317EB910900C73F5D /* Foundation.framework in Frameworks */ = {isa = PBXBuildFile; fileRef = 1D30AB110D05D00D00671497 /* Foundation.framework */; };
		5087E76717EB910900C73F5D /* libz.dylib in Frameworks */ = {isa = PBXBuildFile; fileRef = BF170DB412928DE900B8313A /* libz.dylib */; };
		5087E76817EB910900C73F5D /* QuartzCore.framework in Frameworks */ = {isa = PBXBuildFile; fileRef = BF1C47EA1293683800B63C5D /* QuartzCore.framework */; };
		5087E76917EB910900C73F5D /* OpenAL.framework in Frameworks */ = {isa = PBXBuildFile; fileRef = D44C620B132DFF330009C878 /* OpenAL.framework */; };
		5087E76A17EB910900C73F5D /* AVFoundation.framework in Frameworks */ = {isa = PBXBuildFile; fileRef = D44C620D132DFF430009C878 /* AVFoundation.framework */; };
		5087E76B17EB910900C73F5D /* AudioToolbox.framework in Frameworks */ = {isa = PBXBuildFile; fileRef = D44C620F132DFF4E0009C878 /* AudioToolbox.framework */; };
		5087E77D17EB970100C73F5D /* Default-568h@2x.png in Resources */ = {isa = PBXBuildFile; fileRef = 5087E77217EB970100C73F5D /* Default-568h@2x.png */; };
		5087E77E17EB970100C73F5D /* Default.png in Resources */ = {isa = PBXBuildFile; fileRef = 5087E77317EB970100C73F5D /* Default.png */; };
		5087E77F17EB970100C73F5D /* Default@2x.png in Resources */ = {isa = PBXBuildFile; fileRef = 5087E77417EB970100C73F5D /* Default@2x.png */; };
		5087E78017EB970100C73F5D /* Icon-114.png in Resources */ = {isa = PBXBuildFile; fileRef = 5087E77517EB970100C73F5D /* Icon-114.png */; };
		5087E78117EB970100C73F5D /* Icon-120.png in Resources */ = {isa = PBXBuildFile; fileRef = 5087E77617EB970100C73F5D /* Icon-120.png */; };
		5087E78217EB970100C73F5D /* Icon-144.png in Resources */ = {isa = PBXBuildFile; fileRef = 5087E77717EB970100C73F5D /* Icon-144.png */; };
		5087E78317EB970100C73F5D /* Icon-152.png in Resources */ = {isa = PBXBuildFile; fileRef = 5087E77817EB970100C73F5D /* Icon-152.png */; };
		5087E78417EB970100C73F5D /* Icon-57.png in Resources */ = {isa = PBXBuildFile; fileRef = 5087E77917EB970100C73F5D /* Icon-57.png */; };
		5087E78517EB970100C73F5D /* Icon-72.png in Resources */ = {isa = PBXBuildFile; fileRef = 5087E77A17EB970100C73F5D /* Icon-72.png */; };
		5087E78617EB970100C73F5D /* Icon-76.png in Resources */ = {isa = PBXBuildFile; fileRef = 5087E77B17EB970100C73F5D /* Icon-76.png */; };
		5087E78917EB974C00C73F5D /* AppKit.framework in Frameworks */ = {isa = PBXBuildFile; fileRef = 5087E78817EB974C00C73F5D /* AppKit.framework */; };
		5087E78B17EB975400C73F5D /* OpenGL.framework in Frameworks */ = {isa = PBXBuildFile; fileRef = 5087E78A17EB975400C73F5D /* OpenGL.framework */; };
		50EF629617ECD46A001EB2F8 /* Icon-40.png in Resources */ = {isa = PBXBuildFile; fileRef = 50EF629217ECD46A001EB2F8 /* Icon-40.png */; };
		50EF629717ECD46A001EB2F8 /* Icon-58.png in Resources */ = {isa = PBXBuildFile; fileRef = 50EF629317ECD46A001EB2F8 /* Icon-58.png */; };
		50EF629817ECD46A001EB2F8 /* Icon-80.png in Resources */ = {isa = PBXBuildFile; fileRef = 50EF629417ECD46A001EB2F8 /* Icon-80.png */; };
		50EF629917ECD46A001EB2F8 /* Icon-100.png in Resources */ = {isa = PBXBuildFile; fileRef = 50EF629517ECD46A001EB2F8 /* Icon-100.png */; };
		50EF62A217ECD613001EB2F8 /* Icon-29.png in Resources */ = {isa = PBXBuildFile; fileRef = 50EF62A017ECD613001EB2F8 /* Icon-29.png */; };
		50EF62A317ECD613001EB2F8 /* Icon-50.png in Resources */ = {isa = PBXBuildFile; fileRef = 50EF62A117ECD613001EB2F8 /* Icon-50.png */; };
		521A8E6419F0C34300D177D7 /* Default-667h@2x.png in Resources */ = {isa = PBXBuildFile; fileRef = 521A8E6219F0C34300D177D7 /* Default-667h@2x.png */; };
		521A8E6519F0C34300D177D7 /* Default-736h@3x.png in Resources */ = {isa = PBXBuildFile; fileRef = 521A8E6319F0C34300D177D7 /* Default-736h@3x.png */; };
		521A8EA919F11F5000D177D7 /* fonts in Resources */ = {isa = PBXBuildFile; fileRef = 521A8EA819F11F5000D177D7 /* fonts */; };
		521A8EAA19F11F5000D177D7 /* fonts in Resources */ = {isa = PBXBuildFile; fileRef = 521A8EA819F11F5000D177D7 /* fonts */; };
		52B47A471A53D09C004E4C60 /* Security.framework in Frameworks */ = {isa = PBXBuildFile; fileRef = 52B47A461A53D09B004E4C60 /* Security.framework */; };
		551651C51BD73102004ED7F6 /* RandomDungeon.cpp in Sources */ = {isa = PBXBuildFile; fileRef = 551651C31BD73102004ED7F6 /* RandomDungeon.cpp */; settings = {ASSET_TAGS = (); }; };
		551651C61BD73102004ED7F6 /* RandomDungeon.cpp in Sources */ = {isa = PBXBuildFile; fileRef = 551651C31BD73102004ED7F6 /* RandomDungeon.cpp */; settings = {ASSET_TAGS = (); }; };
		551E93A91BD51282009F788F /* AlisaMethod.cpp in Sources */ = {isa = PBXBuildFile; fileRef = 551E93A01BD51282009F788F /* AlisaMethod.cpp */; settings = {ASSET_TAGS = (); }; };
		551E93AA1BD51282009F788F /* AlisaMethod.cpp in Sources */ = {isa = PBXBuildFile; fileRef = 551E93A01BD51282009F788F /* AlisaMethod.cpp */; settings = {ASSET_TAGS = (); }; };
		551E93AB1BD51282009F788F /* ChaosNumber.cpp in Sources */ = {isa = PBXBuildFile; fileRef = 551E93A21BD51282009F788F /* ChaosNumber.cpp */; settings = {ASSET_TAGS = (); }; };
		551E93AC1BD51282009F788F /* ChaosNumber.cpp in Sources */ = {isa = PBXBuildFile; fileRef = 551E93A21BD51282009F788F /* ChaosNumber.cpp */; settings = {ASSET_TAGS = (); }; };
		551E93AF1BD51282009F788F /* NativeBridge.mm in Sources */ = {isa = PBXBuildFile; fileRef = 551E93A61BD51282009F788F /* NativeBridge.mm */; settings = {ASSET_TAGS = (); }; };
		551E93B01BD51282009F788F /* NativeBridge.mm in Sources */ = {isa = PBXBuildFile; fileRef = 551E93A61BD51282009F788F /* NativeBridge.mm */; settings = {ASSET_TAGS = (); }; };
		551E93B11BD51282009F788F /* UtilityHelper.cpp in Sources */ = {isa = PBXBuildFile; fileRef = 551E93A71BD51282009F788F /* UtilityHelper.cpp */; settings = {ASSET_TAGS = (); }; };
		551E93B21BD51282009F788F /* UtilityHelper.cpp in Sources */ = {isa = PBXBuildFile; fileRef = 551E93A71BD51282009F788F /* UtilityHelper.cpp */; settings = {ASSET_TAGS = (); }; };
		551E93C11BD51291009F788F /* ArchiveManager.cpp in Sources */ = {isa = PBXBuildFile; fileRef = 551E93B41BD51291009F788F /* ArchiveManager.cpp */; settings = {ASSET_TAGS = (); }; };
		551E93C21BD51291009F788F /* ArchiveManager.cpp in Sources */ = {isa = PBXBuildFile; fileRef = 551E93B41BD51291009F788F /* ArchiveManager.cpp */; settings = {ASSET_TAGS = (); }; };
		551E93C31BD51291009F788F /* LevelResourceManager.cpp in Sources */ = {isa = PBXBuildFile; fileRef = 551E93B61BD51291009F788F /* LevelResourceManager.cpp */; settings = {ASSET_TAGS = (); }; };
		551E93C41BD51291009F788F /* LevelResourceManager.cpp in Sources */ = {isa = PBXBuildFile; fileRef = 551E93B61BD51291009F788F /* LevelResourceManager.cpp */; settings = {ASSET_TAGS = (); }; };
		551E93C51BD51291009F788F /* UserRecord.cpp in Sources */ = {isa = PBXBuildFile; fileRef = 551E93B81BD51291009F788F /* UserRecord.cpp */; settings = {ASSET_TAGS = (); }; };
		551E93C61BD51291009F788F /* UserRecord.cpp in Sources */ = {isa = PBXBuildFile; fileRef = 551E93B81BD51291009F788F /* UserRecord.cpp */; settings = {ASSET_TAGS = (); }; };
		551E93C71BD51291009F788F /* MonsterProperty.cpp in Sources */ = {isa = PBXBuildFile; fileRef = 551E93BB1BD51291009F788F /* MonsterProperty.cpp */; settings = {ASSET_TAGS = (); }; };
		551E93C81BD51291009F788F /* MonsterProperty.cpp in Sources */ = {isa = PBXBuildFile; fileRef = 551E93BB1BD51291009F788F /* MonsterProperty.cpp */; settings = {ASSET_TAGS = (); }; };
		551E93CB1BD51291009F788F /* PlayerProperty.cpp in Sources */ = {isa = PBXBuildFile; fileRef = 551E93BF1BD51291009F788F /* PlayerProperty.cpp */; settings = {ASSET_TAGS = (); }; };
		551E93CC1BD51291009F788F /* PlayerProperty.cpp in Sources */ = {isa = PBXBuildFile; fileRef = 551E93BF1BD51291009F788F /* PlayerProperty.cpp */; settings = {ASSET_TAGS = (); }; };
		551E93E21BD512D3009F788F /* CCCrypto.cpp in Sources */ = {isa = PBXBuildFile; fileRef = 551E93CF1BD512D3009F788F /* CCCrypto.cpp */; settings = {ASSET_TAGS = (); }; };
		551E93E31BD512D3009F788F /* CCCrypto.cpp in Sources */ = {isa = PBXBuildFile; fileRef = 551E93CF1BD512D3009F788F /* CCCrypto.cpp */; settings = {ASSET_TAGS = (); }; };
		551E93E41BD512D3009F788F /* libb64.c in Sources */ = {isa = PBXBuildFile; fileRef = 551E93D11BD512D3009F788F /* libb64.c */; settings = {ASSET_TAGS = (); }; };
		551E93E51BD512D3009F788F /* libb64.c in Sources */ = {isa = PBXBuildFile; fileRef = 551E93D11BD512D3009F788F /* libb64.c */; settings = {ASSET_TAGS = (); }; };
		551E93E61BD512D3009F788F /* md5.c in Sources */ = {isa = PBXBuildFile; fileRef = 551E93D31BD512D3009F788F /* md5.c */; settings = {ASSET_TAGS = (); }; };
		551E93E71BD512D3009F788F /* md5.c in Sources */ = {isa = PBXBuildFile; fileRef = 551E93D31BD512D3009F788F /* md5.c */; settings = {ASSET_TAGS = (); }; };
		551E93E81BD512D3009F788F /* sha1.cpp in Sources */ = {isa = PBXBuildFile; fileRef = 551E93D51BD512D3009F788F /* sha1.cpp */; settings = {ASSET_TAGS = (); }; };
		551E93E91BD512D3009F788F /* sha1.cpp in Sources */ = {isa = PBXBuildFile; fileRef = 551E93D51BD512D3009F788F /* sha1.cpp */; settings = {ASSET_TAGS = (); }; };
		551E93EA1BD512D3009F788F /* xor.cpp in Sources */ = {isa = PBXBuildFile; fileRef = 551E93D71BD512D3009F788F /* xor.cpp */; settings = {ASSET_TAGS = (); }; };
		551E93EB1BD512D3009F788F /* xor.cpp in Sources */ = {isa = PBXBuildFile; fileRef = 551E93D71BD512D3009F788F /* xor.cpp */; settings = {ASSET_TAGS = (); }; };
		551E93EC1BD512D3009F788F /* XXTEA.cpp in Sources */ = {isa = PBXBuildFile; fileRef = 551E93D91BD512D3009F788F /* XXTEA.cpp */; settings = {ASSET_TAGS = (); }; };
		551E93ED1BD512D3009F788F /* XXTEA.cpp in Sources */ = {isa = PBXBuildFile; fileRef = 551E93D91BD512D3009F788F /* XXTEA.cpp */; settings = {ASSET_TAGS = (); }; };
		551E93EE1BD512D3009F788F /* FileStream.cpp in Sources */ = {isa = PBXBuildFile; fileRef = 551E93DC1BD512D3009F788F /* FileStream.cpp */; settings = {ASSET_TAGS = (); }; };
		551E93EF1BD512D3009F788F /* FileStream.cpp in Sources */ = {isa = PBXBuildFile; fileRef = 551E93DC1BD512D3009F788F /* FileStream.cpp */; settings = {ASSET_TAGS = (); }; };
		551E93F01BD512D3009F788F /* MemoryStream.cpp in Sources */ = {isa = PBXBuildFile; fileRef = 551E93DE1BD512D3009F788F /* MemoryStream.cpp */; settings = {ASSET_TAGS = (); }; };
		551E93F11BD512D3009F788F /* MemoryStream.cpp in Sources */ = {isa = PBXBuildFile; fileRef = 551E93DE1BD512D3009F788F /* MemoryStream.cpp */; settings = {ASSET_TAGS = (); }; };
		551E93F21BD512D3009F788F /* Stream.cpp in Sources */ = {isa = PBXBuildFile; fileRef = 551E93E01BD512D3009F788F /* Stream.cpp */; settings = {ASSET_TAGS = (); }; };
		551E93F31BD512D3009F788F /* Stream.cpp in Sources */ = {isa = PBXBuildFile; fileRef = 551E93E01BD512D3009F788F /* Stream.cpp */; settings = {ASSET_TAGS = (); }; };
		55338ACF1BD8781E00EA316F /* BaseMonster.cpp in Sources */ = {isa = PBXBuildFile; fileRef = 55338ACD1BD8781E00EA316F /* BaseMonster.cpp */; settings = {ASSET_TAGS = (); }; };
		55338AD01BD8781E00EA316F /* BaseMonster.cpp in Sources */ = {isa = PBXBuildFile; fileRef = 55338ACD1BD8781E00EA316F /* BaseMonster.cpp */; settings = {ASSET_TAGS = (); }; };
		55338AD51BD878BF00EA316F /* StandardMonster.cpp in Sources */ = {isa = PBXBuildFile; fileRef = 55338AD31BD878BF00EA316F /* StandardMonster.cpp */; settings = {ASSET_TAGS = (); }; };
		55338AD61BD878BF00EA316F /* StandardMonster.cpp in Sources */ = {isa = PBXBuildFile; fileRef = 55338AD31BD878BF00EA316F /* StandardMonster.cpp */; settings = {ASSET_TAGS = (); }; };
		55338ADA1BD8920F00EA316F /* SlimeKing.cpp in Sources */ = {isa = PBXBuildFile; fileRef = 55338AD81BD8920F00EA316F /* SlimeKing.cpp */; settings = {ASSET_TAGS = (); }; };
		55338ADB1BD8921000EA316F /* SlimeKing.cpp in Sources */ = {isa = PBXBuildFile; fileRef = 55338AD81BD8920F00EA316F /* SlimeKing.cpp */; settings = {ASSET_TAGS = (); }; };
		55338ADE1BD8925100EA316F /* Warden.cpp in Sources */ = {isa = PBXBuildFile; fileRef = 55338ADC1BD8925100EA316F /* Warden.cpp */; settings = {ASSET_TAGS = (); }; };
		55338ADF1BD8925100EA316F /* Warden.cpp in Sources */ = {isa = PBXBuildFile; fileRef = 55338ADC1BD8925100EA316F /* Warden.cpp */; settings = {ASSET_TAGS = (); }; };
		55338AE21BD8926A00EA316F /* SkeletonKing.cpp in Sources */ = {isa = PBXBuildFile; fileRef = 55338AE01BD8926A00EA316F /* SkeletonKing.cpp */; settings = {ASSET_TAGS = (); }; };
		55338AE31BD8926A00EA316F /* SkeletonKing.cpp in Sources */ = {isa = PBXBuildFile; fileRef = 55338AE01BD8926A00EA316F /* SkeletonKing.cpp */; settings = {ASSET_TAGS = (); }; };
		55338AE61BD8928E00EA316F /* Giant.cpp in Sources */ = {isa = PBXBuildFile; fileRef = 55338AE41BD8928E00EA316F /* Giant.cpp */; settings = {ASSET_TAGS = (); }; };
		55338AE71BD8928E00EA316F /* Giant.cpp in Sources */ = {isa = PBXBuildFile; fileRef = 55338AE41BD8928E00EA316F /* Giant.cpp */; settings = {ASSET_TAGS = (); }; };
		55338AEA1BD892C200EA316F /* Archbishop.cpp in Sources */ = {isa = PBXBuildFile; fileRef = 55338AE81BD892C200EA316F /* Archbishop.cpp */; settings = {ASSET_TAGS = (); }; };
		55338AEB1BD892C200EA316F /* Archbishop.cpp in Sources */ = {isa = PBXBuildFile; fileRef = 55338AE81BD892C200EA316F /* Archbishop.cpp */; settings = {ASSET_TAGS = (); }; };
		55338AEE1BD892FC00EA316F /* ShadowDragon.cpp in Sources */ = {isa = PBXBuildFile; fileRef = 55338AEC1BD892FC00EA316F /* ShadowDragon.cpp */; settings = {ASSET_TAGS = (); }; };
		55338AEF1BD892FC00EA316F /* ShadowDragon.cpp in Sources */ = {isa = PBXBuildFile; fileRef = 55338AEC1BD892FC00EA316F /* ShadowDragon.cpp */; settings = {ASSET_TAGS = (); }; };
		553BC5011BCDF457003D907A /* Actor.cpp in Sources */ = {isa = PBXBuildFile; fileRef = 553BC4FF1BCDF457003D907A /* Actor.cpp */; settings = {ASSET_TAGS = (); }; };
		553BC5021BCDF457003D907A /* Actor.cpp in Sources */ = {isa = PBXBuildFile; fileRef = 553BC4FF1BCDF457003D907A /* Actor.cpp */; settings = {ASSET_TAGS = (); }; };
		553BC5091BCE499B003D907A /* BaseDoor.cpp in Sources */ = {isa = PBXBuildFile; fileRef = 553BC5071BCE499B003D907A /* BaseDoor.cpp */; settings = {ASSET_TAGS = (); }; };
		553BC50A1BCE499B003D907A /* BaseDoor.cpp in Sources */ = {isa = PBXBuildFile; fileRef = 553BC5071BCE499B003D907A /* BaseDoor.cpp */; settings = {ASSET_TAGS = (); }; };
		553BC50D1BCE5191003D907A /* StandardDoor.cpp in Sources */ = {isa = PBXBuildFile; fileRef = 553BC50B1BCE5191003D907A /* StandardDoor.cpp */; settings = {ASSET_TAGS = (); }; };
		553BC50E1BCE5191003D907A /* StandardDoor.cpp in Sources */ = {isa = PBXBuildFile; fileRef = 553BC50B1BCE5191003D907A /* StandardDoor.cpp */; settings = {ASSET_TAGS = (); }; };
		55407D571BD5E2BC0000C41C /* GameFormula.cpp in Sources */ = {isa = PBXBuildFile; fileRef = 55407D551BD5E2BC0000C41C /* GameFormula.cpp */; settings = {ASSET_TAGS = (); }; };
		55407D581BD5E2BC0000C41C /* GameFormula.cpp in Sources */ = {isa = PBXBuildFile; fileRef = 55407D551BD5E2BC0000C41C /* GameFormula.cpp */; settings = {ASSET_TAGS = (); }; };
		55407D641BD64F450000C41C /* ItemProperty.cpp in Sources */ = {isa = PBXBuildFile; fileRef = 55407D621BD64F440000C41C /* ItemProperty.cpp */; settings = {ASSET_TAGS = (); }; };
		55407D651BD64F450000C41C /* ItemProperty.cpp in Sources */ = {isa = PBXBuildFile; fileRef = 55407D621BD64F440000C41C /* ItemProperty.cpp */; settings = {ASSET_TAGS = (); }; };
		554F00E71BD9CDF600F4DF8E /* data in Resources */ = {isa = PBXBuildFile; fileRef = 554F00E61BD9CDF600F4DF8E /* data */; settings = {ASSET_TAGS = (); }; };
		554F00E81BD9CDF600F4DF8E /* data in Resources */ = {isa = PBXBuildFile; fileRef = 554F00E61BD9CDF600F4DF8E /* data */; settings = {ASSET_TAGS = (); }; };
		554F00EE1BDA210000F4DF8E /* BaseBoss.cpp in Sources */ = {isa = PBXBuildFile; fileRef = 554F00EC1BDA210000F4DF8E /* BaseBoss.cpp */; settings = {ASSET_TAGS = (); }; };
		554F00EF1BDA210000F4DF8E /* BaseBoss.cpp in Sources */ = {isa = PBXBuildFile; fileRef = 554F00EC1BDA210000F4DF8E /* BaseBoss.cpp */; settings = {ASSET_TAGS = (); }; };
		554F00F61BDA219E00F4DF8E /* PickableItem.cpp in Sources */ = {isa = PBXBuildFile; fileRef = 554F00F41BDA219E00F4DF8E /* PickableItem.cpp */; settings = {ASSET_TAGS = (); }; };
		554F00F71BDA219E00F4DF8E /* PickableItem.cpp in Sources */ = {isa = PBXBuildFile; fileRef = 554F00F41BDA219E00F4DF8E /* PickableItem.cpp */; settings = {ASSET_TAGS = (); }; };
		554F00FA1BDA21B100F4DF8E /* BaseItem.cpp in Sources */ = {isa = PBXBuildFile; fileRef = 554F00F81BDA21B100F4DF8E /* BaseItem.cpp */; settings = {ASSET_TAGS = (); }; };
		554F00FB1BDA21B100F4DF8E /* BaseItem.cpp in Sources */ = {isa = PBXBuildFile; fileRef = 554F00F81BDA21B100F4DF8E /* BaseItem.cpp */; settings = {ASSET_TAGS = (); }; };
		554F01051BDA3A3100F4DF8E /* SewerLevel.cpp in Sources */ = {isa = PBXBuildFile; fileRef = 554F01031BDA3A3100F4DF8E /* SewerLevel.cpp */; settings = {ASSET_TAGS = (); }; };
		554F01061BDA3A3100F4DF8E /* SewerLevel.cpp in Sources */ = {isa = PBXBuildFile; fileRef = 554F01031BDA3A3100F4DF8E /* SewerLevel.cpp */; settings = {ASSET_TAGS = (); }; };
		555B0D151BC51A2C0055FB6D /* AppDelegate.cpp in Sources */ = {isa = PBXBuildFile; fileRef = 555B0D001BC51A2C0055FB6D /* AppDelegate.cpp */; settings = {ASSET_TAGS = (); }; };
		555B0D161BC51A2C0055FB6D /* AppDelegate.cpp in Sources */ = {isa = PBXBuildFile; fileRef = 555B0D001BC51A2C0055FB6D /* AppDelegate.cpp */; settings = {ASSET_TAGS = (); }; };
		555B0D171BC51A2C0055FB6D /* Area.cpp in Sources */ = {isa = PBXBuildFile; fileRef = 555B0D031BC51A2C0055FB6D /* Area.cpp */; settings = {ASSET_TAGS = (); }; };
		555B0D181BC51A2C0055FB6D /* Area.cpp in Sources */ = {isa = PBXBuildFile; fileRef = 555B0D031BC51A2C0055FB6D /* Area.cpp */; settings = {ASSET_TAGS = (); }; };
		555B0D191BC51A2C0055FB6D /* BaseLevel.cpp in Sources */ = {isa = PBXBuildFile; fileRef = 555B0D051BC51A2C0055FB6D /* BaseLevel.cpp */; settings = {ASSET_TAGS = (); }; };
		555B0D1A1BC51A2C0055FB6D /* BaseLevel.cpp in Sources */ = {isa = PBXBuildFile; fileRef = 555B0D051BC51A2C0055FB6D /* BaseLevel.cpp */; settings = {ASSET_TAGS = (); }; };
		555B0D1B1BC51A2C0055FB6D /* Door.cpp in Sources */ = {isa = PBXBuildFile; fileRef = 555B0D071BC51A2C0055FB6D /* Door.cpp */; settings = {ASSET_TAGS = (); }; };
		555B0D1C1BC51A2C0055FB6D /* Door.cpp in Sources */ = {isa = PBXBuildFile; fileRef = 555B0D071BC51A2C0055FB6D /* Door.cpp */; settings = {ASSET_TAGS = (); }; };
		555B0D1D1BC51A2C0055FB6D /* Graph.cpp in Sources */ = {isa = PBXBuildFile; fileRef = 555B0D091BC51A2C0055FB6D /* Graph.cpp */; settings = {ASSET_TAGS = (); }; };
		555B0D1E1BC51A2C0055FB6D /* Graph.cpp in Sources */ = {isa = PBXBuildFile; fileRef = 555B0D091BC51A2C0055FB6D /* Graph.cpp */; settings = {ASSET_TAGS = (); }; };
		555B0D1F1BC51A2C0055FB6D /* StandardLevel.cpp in Sources */ = {isa = PBXBuildFile; fileRef = 555B0D0B1BC51A2C0055FB6D /* StandardLevel.cpp */; settings = {ASSET_TAGS = (); }; };
		555B0D201BC51A2C0055FB6D /* StandardLevel.cpp in Sources */ = {isa = PBXBuildFile; fileRef = 555B0D0B1BC51A2C0055FB6D /* StandardLevel.cpp */; settings = {ASSET_TAGS = (); }; };
		555B0D231BC51A2C0055FB6D /* GameScene.cpp in Sources */ = {isa = PBXBuildFile; fileRef = 555B0D101BC51A2C0055FB6D /* GameScene.cpp */; settings = {ASSET_TAGS = (); }; };
		555B0D241BC51A2C0055FB6D /* GameScene.cpp in Sources */ = {isa = PBXBuildFile; fileRef = 555B0D101BC51A2C0055FB6D /* GameScene.cpp */; settings = {ASSET_TAGS = (); }; };
		555B0D251BC51A2C0055FB6D /* VoxelExplorer.cpp in Sources */ = {isa = PBXBuildFile; fileRef = 555B0D131BC51A2C0055FB6D /* VoxelExplorer.cpp */; settings = {ASSET_TAGS = (); }; };
		555B0D261BC51A2C0055FB6D /* VoxelExplorer.cpp in Sources */ = {isa = PBXBuildFile; fileRef = 555B0D131BC51A2C0055FB6D /* VoxelExplorer.cpp */; settings = {ASSET_TAGS = (); }; };
		559B217F1BC65D330047D998 /* textures in Resources */ = {isa = PBXBuildFile; fileRef = 559B217E1BC65D330047D998 /* textures */; settings = {ASSET_TAGS = (); }; };
		559B21801BC65D330047D998 /* textures in Resources */ = {isa = PBXBuildFile; fileRef = 559B217E1BC65D330047D998 /* textures */; settings = {ASSET_TAGS = (); }; };
		55D6D67F1BC527D000081221 /* models in Resources */ = {isa = PBXBuildFile; fileRef = 55D6D67E1BC527D000081221 /* models */; settings = {ASSET_TAGS = (); }; };
		55D6D6801BC527D000081221 /* models in Resources */ = {isa = PBXBuildFile; fileRef = 55D6D67E1BC527D000081221 /* models */; settings = {ASSET_TAGS = (); }; };
		55EC95851BC6AA7B0008D1D7 /* TerrainTile.cpp in Sources */ = {isa = PBXBuildFile; fileRef = 55EC95831BC6AA7B0008D1D7 /* TerrainTile.cpp */; settings = {ASSET_TAGS = (); }; };
		55EC95861BC6ABBA0008D1D7 /* TerrainTile.cpp in Sources */ = {isa = PBXBuildFile; fileRef = 55EC95831BC6AA7B0008D1D7 /* TerrainTile.cpp */; };
		55ECFB441BC79852007270CD /* Player.cpp in Sources */ = {isa = PBXBuildFile; fileRef = 55ECFB421BC79852007270CD /* Player.cpp */; settings = {ASSET_TAGS = (); }; };
		55ECFB451BC79852007270CD /* Player.cpp in Sources */ = {isa = PBXBuildFile; fileRef = 55ECFB421BC79852007270CD /* Player.cpp */; settings = {ASSET_TAGS = (); }; };
		8262943E1AAF051F00CB7CF7 /* Security.framework in Frameworks */ = {isa = PBXBuildFile; fileRef = 8262943D1AAF051F00CB7CF7 /* Security.framework */; };
		BF171245129291EC00B8313A /* OpenGLES.framework in Frameworks */ = {isa = PBXBuildFile; fileRef = BF170DB012928DE900B8313A /* OpenGLES.framework */; };
		BF1712471292920000B8313A /* libz.dylib in Frameworks */ = {isa = PBXBuildFile; fileRef = BF170DB412928DE900B8313A /* libz.dylib */; };
		BF1C47F01293687400B63C5D /* QuartzCore.framework in Frameworks */ = {isa = PBXBuildFile; fileRef = BF1C47EA1293683800B63C5D /* QuartzCore.framework */; };
		D44C620C132DFF330009C878 /* OpenAL.framework in Frameworks */ = {isa = PBXBuildFile; fileRef = D44C620B132DFF330009C878 /* OpenAL.framework */; };
		D44C620E132DFF430009C878 /* AVFoundation.framework in Frameworks */ = {isa = PBXBuildFile; fileRef = D44C620D132DFF430009C878 /* AVFoundation.framework */; };
		D44C6210132DFF4E0009C878 /* AudioToolbox.framework in Frameworks */ = {isa = PBXBuildFile; fileRef = D44C620F132DFF4E0009C878 /* AudioToolbox.framework */; };
		D6B0611B1803AB670077942B /* CoreMotion.framework in Frameworks */ = {isa = PBXBuildFile; fileRef = D6B0611A1803AB670077942B /* CoreMotion.framework */; };
		EC00DD591BD66586009BC378 /* GameUILayer.cpp in Sources */ = {isa = PBXBuildFile; fileRef = EC00DD551BD66586009BC378 /* GameUILayer.cpp */; settings = {ASSET_TAGS = (); }; };
		EC00DD5A1BD66586009BC378 /* GameUILayer.cpp in Sources */ = {isa = PBXBuildFile; fileRef = EC00DD551BD66586009BC378 /* GameUILayer.cpp */; settings = {ASSET_TAGS = (); }; };
		EC00DD5B1BD66586009BC378 /* MenuUILayer.cpp in Sources */ = {isa = PBXBuildFile; fileRef = EC00DD571BD66586009BC378 /* MenuUILayer.cpp */; settings = {ASSET_TAGS = (); }; };
		EC00DD5C1BD66586009BC378 /* MenuUILayer.cpp in Sources */ = {isa = PBXBuildFile; fileRef = EC00DD571BD66586009BC378 /* MenuUILayer.cpp */; settings = {ASSET_TAGS = (); }; };
		EC00DD5F1BD665A6009BC378 /* MenuScene.cpp in Sources */ = {isa = PBXBuildFile; fileRef = EC00DD5D1BD665A6009BC378 /* MenuScene.cpp */; settings = {ASSET_TAGS = (); }; };
		EC00DD601BD665A6009BC378 /* MenuScene.cpp in Sources */ = {isa = PBXBuildFile; fileRef = EC00DD5D1BD665A6009BC378 /* MenuScene.cpp */; settings = {ASSET_TAGS = (); }; };
		EC6716451BCE7F2C00C81CFC /* LogoScene.cpp in Sources */ = {isa = PBXBuildFile; fileRef = EC6716431BCE7F2C00C81CFC /* LogoScene.cpp */; settings = {ASSET_TAGS = (); }; };
		EC6716461BCE7F2C00C81CFC /* LogoScene.cpp in Sources */ = {isa = PBXBuildFile; fileRef = EC6716431BCE7F2C00C81CFC /* LogoScene.cpp */; settings = {ASSET_TAGS = (); }; };
		EC6716591BCE7F5F00C81CFC /* lang in Resources */ = {isa = PBXBuildFile; fileRef = EC6716561BCE7F5F00C81CFC /* lang */; settings = {ASSET_TAGS = (); }; };
		EC67165A1BCE7F5F00C81CFC /* lang in Resources */ = {isa = PBXBuildFile; fileRef = EC6716561BCE7F5F00C81CFC /* lang */; settings = {ASSET_TAGS = (); }; };
		EC67165D1BCE7F5F00C81CFC /* ui in Resources */ = {isa = PBXBuildFile; fileRef = EC6716581BCE7F5F00C81CFC /* ui */; settings = {ASSET_TAGS = (); }; };
		EC67165E1BCE7F5F00C81CFC /* ui in Resources */ = {isa = PBXBuildFile; fileRef = EC6716581BCE7F5F00C81CFC /* ui */; settings = {ASSET_TAGS = (); }; };
		EC7F92D31BCF9ED200B26C6C /* HueSprite.cpp in Sources */ = {isa = PBXBuildFile; fileRef = EC7F92D11BCF9ED200B26C6C /* HueSprite.cpp */; settings = {ASSET_TAGS = (); }; };
		EC7F92D41BCF9ED200B26C6C /* HueSprite.cpp in Sources */ = {isa = PBXBuildFile; fileRef = EC7F92D11BCF9ED200B26C6C /* HueSprite.cpp */; settings = {ASSET_TAGS = (); }; };
		ECA2290B1BD9DE1D008E03BB /* ItemUI.cpp in Sources */ = {isa = PBXBuildFile; fileRef = ECA229091BD9DE1D008E03BB /* ItemUI.cpp */; settings = {ASSET_TAGS = (); }; };
		ECA2290C1BD9DE1D008E03BB /* ItemUI.cpp in Sources */ = {isa = PBXBuildFile; fileRef = ECA229091BD9DE1D008E03BB /* ItemUI.cpp */; settings = {ASSET_TAGS = (); }; };
		ECD10D6C1BD0967B007DD888 /* CloseCallback.cpp in Sources */ = {isa = PBXBuildFile; fileRef = ECD10D631BD0967B007DD888 /* CloseCallback.cpp */; settings = {ASSET_TAGS = (); }; };
		ECD10D6D1BD0967B007DD888 /* CloseCallback.cpp in Sources */ = {isa = PBXBuildFile; fileRef = ECD10D631BD0967B007DD888 /* CloseCallback.cpp */; settings = {ASSET_TAGS = (); }; };
		ECD10D6E1BD0967B007DD888 /* PopupUILayer.cpp in Sources */ = {isa = PBXBuildFile; fileRef = ECD10D661BD0967B007DD888 /* PopupUILayer.cpp */; settings = {ASSET_TAGS = (); }; };
		ECD10D6F1BD0967B007DD888 /* PopupUILayer.cpp in Sources */ = {isa = PBXBuildFile; fileRef = ECD10D661BD0967B007DD888 /* PopupUILayer.cpp */; settings = {ASSET_TAGS = (); }; };
		ECD10D701BD0967B007DD888 /* PopupUILayerManager.cpp in Sources */ = {isa = PBXBuildFile; fileRef = ECD10D681BD0967B007DD888 /* PopupUILayerManager.cpp */; settings = {ASSET_TAGS = (); }; };
		ECD10D711BD0967B007DD888 /* PopupUILayerManager.cpp in Sources */ = {isa = PBXBuildFile; fileRef = ECD10D681BD0967B007DD888 /* PopupUILayerManager.cpp */; settings = {ASSET_TAGS = (); }; };
		ECD10D721BD0967B007DD888 /* WrapperUILayer.cpp in Sources */ = {isa = PBXBuildFile; fileRef = ECD10D6A1BD0967B007DD888 /* WrapperUILayer.cpp */; settings = {ASSET_TAGS = (); }; };
		ECD10D731BD0967B007DD888 /* WrapperUILayer.cpp in Sources */ = {isa = PBXBuildFile; fileRef = ECD10D6A1BD0967B007DD888 /* WrapperUILayer.cpp */; settings = {ASSET_TAGS = (); }; };
		ECE1B9471BD8AC820035B4D9 /* TGridView.cpp in Sources */ = {isa = PBXBuildFile; fileRef = ECE1B9451BD8AC820035B4D9 /* TGridView.cpp */; settings = {ASSET_TAGS = (); }; };
		ECE1B9481BD8AC820035B4D9 /* TGridView.cpp in Sources */ = {isa = PBXBuildFile; fileRef = ECE1B9451BD8AC820035B4D9 /* TGridView.cpp */; settings = {ASSET_TAGS = (); }; };
		ECE1B9581BD8E6660035B4D9 /* RolePopUpUI.cpp in Sources */ = {isa = PBXBuildFile; fileRef = ECE1B9561BD8E6660035B4D9 /* RolePopUpUI.cpp */; settings = {ASSET_TAGS = (); }; };
		ECE1B9591BD8E6660035B4D9 /* RolePopUpUI.cpp in Sources */ = {isa = PBXBuildFile; fileRef = ECE1B9561BD8E6660035B4D9 /* RolePopUpUI.cpp */; settings = {ASSET_TAGS = (); }; };
		ED545A7C1B68A1F400C3958E /* libiconv.dylib in Frameworks */ = {isa = PBXBuildFile; fileRef = ED545A7B1B68A1F400C3958E /* libiconv.dylib */; };
		ED545A7E1B68A1FA00C3958E /* libiconv.dylib in Frameworks */ = {isa = PBXBuildFile; fileRef = ED545A7D1B68A1FA00C3958E /* libiconv.dylib */; };
/* End PBXBuildFile section */

/* Begin PBXContainerItemProxy section */
		1AC6FAF8180E9839004C840B /* PBXContainerItemProxy */ = {
			isa = PBXContainerItemProxy;
			containerPortal = 1AC6FAE5180E9839004C840B /* cocos2d_libs.xcodeproj */;
			proxyType = 2;
			remoteGlobalIDString = 1551A33F158F2AB200E66CFE;
			remoteInfo = "cocos2dx Mac";
		};
		1AC6FB06180E9839004C840B /* PBXContainerItemProxy */ = {
			isa = PBXContainerItemProxy;
			containerPortal = 1AC6FAE5180E9839004C840B /* cocos2d_libs.xcodeproj */;
			proxyType = 2;
			remoteGlobalIDString = A07A4D641783777C0073F6A7;
			remoteInfo = "cocos2dx iOS";
		};
/* End PBXContainerItemProxy section */

/* Begin PBXFileReference section */
		1AC6FAE5180E9839004C840B /* cocos2d_libs.xcodeproj */ = {isa = PBXFileReference; lastKnownFileType = "wrapper.pb-project"; name = cocos2d_libs.xcodeproj; path = ../cocos2d/build/cocos2d_libs.xcodeproj; sourceTree = "<group>"; };
		1ACB3243164770DE00914215 /* libcurl.a */ = {isa = PBXFileReference; lastKnownFileType = archive.ar; name = libcurl.a; path = ../../cocos2dx/platform/third_party/ios/libraries/libcurl.a; sourceTree = "<group>"; };
		1D30AB110D05D00D00671497 /* Foundation.framework */ = {isa = PBXFileReference; lastKnownFileType = wrapper.framework; name = Foundation.framework; path = System/Library/Frameworks/Foundation.framework; sourceTree = SDKROOT; };
		1D6058910D05DD3D006BFB54 /* Voxel_Explorer-mobile.app */ = {isa = PBXFileReference; explicitFileType = wrapper.application; includeInIndex = 0; path = "Voxel_Explorer-mobile.app"; sourceTree = BUILT_PRODUCTS_DIR; };
		1DF5F4DF0D08C38300B7A737 /* UIKit.framework */ = {isa = PBXFileReference; lastKnownFileType = wrapper.framework; name = UIKit.framework; path = System/Library/Frameworks/UIKit.framework; sourceTree = SDKROOT; };
		288765A40DF7441C002DB57D /* CoreGraphics.framework */ = {isa = PBXFileReference; lastKnownFileType = wrapper.framework; name = CoreGraphics.framework; path = System/Library/Frameworks/CoreGraphics.framework; sourceTree = SDKROOT; };
		503AE0F617EB97AB00D1A890 /* Icon.icns */ = {isa = PBXFileReference; lastKnownFileType = image.icns; path = Icon.icns; sourceTree = "<group>"; };
		503AE0F717EB97AB00D1A890 /* Info.plist */ = {isa = PBXFileReference; fileEncoding = 4; lastKnownFileType = text.plist.xml; path = Info.plist; sourceTree = "<group>"; };
		503AE0FA17EB989F00D1A890 /* AppController.h */ = {isa = PBXFileReference; fileEncoding = 4; lastKnownFileType = sourcecode.c.h; name = AppController.h; path = ios/AppController.h; sourceTree = SOURCE_ROOT; };
		503AE0FB17EB989F00D1A890 /* AppController.mm */ = {isa = PBXFileReference; fileEncoding = 4; lastKnownFileType = sourcecode.cpp.objcpp; name = AppController.mm; path = ios/AppController.mm; sourceTree = SOURCE_ROOT; };
		503AE0FC17EB989F00D1A890 /* main.m */ = {isa = PBXFileReference; fileEncoding = 4; lastKnownFileType = sourcecode.c.objc; name = main.m; path = ios/main.m; sourceTree = SOURCE_ROOT; };
		503AE0FD17EB989F00D1A890 /* Prefix.pch */ = {isa = PBXFileReference; fileEncoding = 4; lastKnownFileType = sourcecode.c.h; name = Prefix.pch; path = ios/Prefix.pch; sourceTree = SOURCE_ROOT; };
		503AE0FE17EB989F00D1A890 /* RootViewController.h */ = {isa = PBXFileReference; fileEncoding = 4; lastKnownFileType = sourcecode.c.h; name = RootViewController.h; path = ios/RootViewController.h; sourceTree = SOURCE_ROOT; };
		503AE0FF17EB989F00D1A890 /* RootViewController.mm */ = {isa = PBXFileReference; fileEncoding = 4; lastKnownFileType = sourcecode.cpp.objcpp; name = RootViewController.mm; path = ios/RootViewController.mm; sourceTree = SOURCE_ROOT; };
		503AE10317EB98FF00D1A890 /* main.cpp */ = {isa = PBXFileReference; fileEncoding = 4; lastKnownFileType = sourcecode.cpp.cpp; name = main.cpp; path = mac/main.cpp; sourceTree = "<group>"; };
		503AE10417EB98FF00D1A890 /* Prefix.pch */ = {isa = PBXFileReference; fileEncoding = 4; lastKnownFileType = sourcecode.c.h; name = Prefix.pch; path = mac/Prefix.pch; sourceTree = "<group>"; };
		503AE11117EB99EE00D1A890 /* libcurl.dylib */ = {isa = PBXFileReference; lastKnownFileType = "compiled.mach-o.dylib"; name = libcurl.dylib; path = usr/lib/libcurl.dylib; sourceTree = SDKROOT; };
		503AE11A17EB9C5A00D1A890 /* IOKit.framework */ = {isa = PBXFileReference; lastKnownFileType = wrapper.framework; name = IOKit.framework; path = System/Library/Frameworks/IOKit.framework; sourceTree = SDKROOT; };
		5087E76F17EB910900C73F5D /* Voxel_Explorer-desktop.app */ = {isa = PBXFileReference; explicitFileType = wrapper.application; includeInIndex = 0; path = "Voxel_Explorer-desktop.app"; sourceTree = BUILT_PRODUCTS_DIR; };
		5087E77217EB970100C73F5D /* Default-568h@2x.png */ = {isa = PBXFileReference; lastKnownFileType = image.png; path = "Default-568h@2x.png"; sourceTree = "<group>"; };
		5087E77317EB970100C73F5D /* Default.png */ = {isa = PBXFileReference; lastKnownFileType = image.png; path = Default.png; sourceTree = "<group>"; };
		5087E77417EB970100C73F5D /* Default@2x.png */ = {isa = PBXFileReference; lastKnownFileType = image.png; path = "Default@2x.png"; sourceTree = "<group>"; };
		5087E77517EB970100C73F5D /* Icon-114.png */ = {isa = PBXFileReference; lastKnownFileType = image.png; path = "Icon-114.png"; sourceTree = "<group>"; };
		5087E77617EB970100C73F5D /* Icon-120.png */ = {isa = PBXFileReference; lastKnownFileType = image.png; path = "Icon-120.png"; sourceTree = "<group>"; };
		5087E77717EB970100C73F5D /* Icon-144.png */ = {isa = PBXFileReference; lastKnownFileType = image.png; path = "Icon-144.png"; sourceTree = "<group>"; };
		5087E77817EB970100C73F5D /* Icon-152.png */ = {isa = PBXFileReference; lastKnownFileType = image.png; path = "Icon-152.png"; sourceTree = "<group>"; };
		5087E77917EB970100C73F5D /* Icon-57.png */ = {isa = PBXFileReference; lastKnownFileType = image.png; path = "Icon-57.png"; sourceTree = "<group>"; };
		5087E77A17EB970100C73F5D /* Icon-72.png */ = {isa = PBXFileReference; lastKnownFileType = image.png; path = "Icon-72.png"; sourceTree = "<group>"; };
		5087E77B17EB970100C73F5D /* Icon-76.png */ = {isa = PBXFileReference; lastKnownFileType = image.png; path = "Icon-76.png"; sourceTree = "<group>"; };
		5087E77C17EB970100C73F5D /* Info.plist */ = {isa = PBXFileReference; fileEncoding = 4; lastKnownFileType = text.plist.xml; path = Info.plist; sourceTree = "<group>"; };
		5087E78817EB974C00C73F5D /* AppKit.framework */ = {isa = PBXFileReference; lastKnownFileType = wrapper.framework; name = AppKit.framework; path = System/Library/Frameworks/AppKit.framework; sourceTree = SDKROOT; };
		5087E78A17EB975400C73F5D /* OpenGL.framework */ = {isa = PBXFileReference; lastKnownFileType = wrapper.framework; name = OpenGL.framework; path = System/Library/Frameworks/OpenGL.framework; sourceTree = SDKROOT; };
		50EF629217ECD46A001EB2F8 /* Icon-40.png */ = {isa = PBXFileReference; lastKnownFileType = image.png; path = "Icon-40.png"; sourceTree = "<group>"; };
		50EF629317ECD46A001EB2F8 /* Icon-58.png */ = {isa = PBXFileReference; lastKnownFileType = image.png; path = "Icon-58.png"; sourceTree = "<group>"; };
		50EF629417ECD46A001EB2F8 /* Icon-80.png */ = {isa = PBXFileReference; lastKnownFileType = image.png; path = "Icon-80.png"; sourceTree = "<group>"; };
		50EF629517ECD46A001EB2F8 /* Icon-100.png */ = {isa = PBXFileReference; lastKnownFileType = image.png; path = "Icon-100.png"; sourceTree = "<group>"; };
		50EF62A017ECD613001EB2F8 /* Icon-29.png */ = {isa = PBXFileReference; lastKnownFileType = image.png; path = "Icon-29.png"; sourceTree = "<group>"; };
		50EF62A117ECD613001EB2F8 /* Icon-50.png */ = {isa = PBXFileReference; lastKnownFileType = image.png; path = "Icon-50.png"; sourceTree = "<group>"; };
		521A8E6219F0C34300D177D7 /* Default-667h@2x.png */ = {isa = PBXFileReference; lastKnownFileType = image.png; path = "Default-667h@2x.png"; sourceTree = "<group>"; };
		521A8E6319F0C34300D177D7 /* Default-736h@3x.png */ = {isa = PBXFileReference; lastKnownFileType = image.png; path = "Default-736h@3x.png"; sourceTree = "<group>"; };
		521A8EA819F11F5000D177D7 /* fonts */ = {isa = PBXFileReference; lastKnownFileType = folder; path = fonts; sourceTree = "<group>"; };
		52B47A461A53D09B004E4C60 /* Security.framework */ = {isa = PBXFileReference; lastKnownFileType = wrapper.framework; name = Security.framework; path = Platforms/iPhoneOS.platform/Developer/SDKs/iPhoneOS8.1.sdk/System/Library/Frameworks/Security.framework; sourceTree = DEVELOPER_DIR; };
		551651C31BD73102004ED7F6 /* RandomDungeon.cpp */ = {isa = PBXFileReference; fileEncoding = 4; lastKnownFileType = sourcecode.cpp.cpp; path = RandomDungeon.cpp; sourceTree = "<group>"; };
		551651C41BD73102004ED7F6 /* RandomDungeon.hpp */ = {isa = PBXFileReference; fileEncoding = 4; lastKnownFileType = sourcecode.cpp.h; path = RandomDungeon.hpp; sourceTree = "<group>"; };
		551E93A01BD51282009F788F /* AlisaMethod.cpp */ = {isa = PBXFileReference; fileEncoding = 4; lastKnownFileType = sourcecode.cpp.cpp; path = AlisaMethod.cpp; sourceTree = "<group>"; };
		551E93A11BD51282009F788F /* AlisaMethod.h */ = {isa = PBXFileReference; fileEncoding = 4; lastKnownFileType = sourcecode.c.h; path = AlisaMethod.h; sourceTree = "<group>"; };
		551E93A21BD51282009F788F /* ChaosNumber.cpp */ = {isa = PBXFileReference; fileEncoding = 4; lastKnownFileType = sourcecode.cpp.cpp; path = ChaosNumber.cpp; sourceTree = "<group>"; };
		551E93A31BD51282009F788F /* ChaosNumber.h */ = {isa = PBXFileReference; fileEncoding = 4; lastKnownFileType = sourcecode.c.h; path = ChaosNumber.h; sourceTree = "<group>"; };
		551E93A51BD51282009F788F /* NativeBridge.h */ = {isa = PBXFileReference; fileEncoding = 4; lastKnownFileType = sourcecode.c.h; path = NativeBridge.h; sourceTree = "<group>"; };
		551E93A61BD51282009F788F /* NativeBridge.mm */ = {isa = PBXFileReference; fileEncoding = 4; lastKnownFileType = sourcecode.cpp.objcpp; path = NativeBridge.mm; sourceTree = "<group>"; };
		551E93A71BD51282009F788F /* UtilityHelper.cpp */ = {isa = PBXFileReference; fileEncoding = 4; lastKnownFileType = sourcecode.cpp.cpp; path = UtilityHelper.cpp; sourceTree = "<group>"; };
		551E93A81BD51282009F788F /* UtilityHelper.h */ = {isa = PBXFileReference; fileEncoding = 4; lastKnownFileType = sourcecode.c.h; path = UtilityHelper.h; sourceTree = "<group>"; };
		551E93B41BD51291009F788F /* ArchiveManager.cpp */ = {isa = PBXFileReference; fileEncoding = 4; lastKnownFileType = sourcecode.cpp.cpp; path = ArchiveManager.cpp; sourceTree = "<group>"; };
		551E93B51BD51291009F788F /* ArchiveManager.h */ = {isa = PBXFileReference; fileEncoding = 4; lastKnownFileType = sourcecode.c.h; path = ArchiveManager.h; sourceTree = "<group>"; };
		551E93B61BD51291009F788F /* LevelResourceManager.cpp */ = {isa = PBXFileReference; fileEncoding = 4; lastKnownFileType = sourcecode.cpp.cpp; path = LevelResourceManager.cpp; sourceTree = "<group>"; };
		551E93B71BD51291009F788F /* LevelResourceManager.h */ = {isa = PBXFileReference; fileEncoding = 4; lastKnownFileType = sourcecode.c.h; path = LevelResourceManager.h; sourceTree = "<group>"; };
		551E93B81BD51291009F788F /* UserRecord.cpp */ = {isa = PBXFileReference; fileEncoding = 4; lastKnownFileType = sourcecode.cpp.cpp; path = UserRecord.cpp; sourceTree = "<group>"; };
		551E93B91BD51291009F788F /* UserRecord.h */ = {isa = PBXFileReference; fileEncoding = 4; lastKnownFileType = sourcecode.c.h; path = UserRecord.h; sourceTree = "<group>"; };
		551E93BB1BD51291009F788F /* MonsterProperty.cpp */ = {isa = PBXFileReference; fileEncoding = 4; lastKnownFileType = sourcecode.cpp.cpp; path = MonsterProperty.cpp; sourceTree = "<group>"; };
		551E93BC1BD51291009F788F /* MonsterProperty.hpp */ = {isa = PBXFileReference; fileEncoding = 4; lastKnownFileType = sourcecode.cpp.h; path = MonsterProperty.hpp; sourceTree = "<group>"; };
		551E93BF1BD51291009F788F /* PlayerProperty.cpp */ = {isa = PBXFileReference; fileEncoding = 4; lastKnownFileType = sourcecode.cpp.cpp; path = PlayerProperty.cpp; sourceTree = "<group>"; };
		551E93C01BD51291009F788F /* PlayerProperty.hpp */ = {isa = PBXFileReference; fileEncoding = 4; lastKnownFileType = sourcecode.cpp.h; path = PlayerProperty.hpp; sourceTree = "<group>"; };
		551E93CF1BD512D3009F788F /* CCCrypto.cpp */ = {isa = PBXFileReference; fileEncoding = 4; lastKnownFileType = sourcecode.cpp.cpp; path = CCCrypto.cpp; sourceTree = "<group>"; };
		551E93D01BD512D3009F788F /* CCCrypto.h */ = {isa = PBXFileReference; fileEncoding = 4; lastKnownFileType = sourcecode.c.h; path = CCCrypto.h; sourceTree = "<group>"; };
		551E93D11BD512D3009F788F /* libb64.c */ = {isa = PBXFileReference; fileEncoding = 4; lastKnownFileType = sourcecode.c.c; path = libb64.c; sourceTree = "<group>"; };
		551E93D21BD512D3009F788F /* libb64.h */ = {isa = PBXFileReference; fileEncoding = 4; lastKnownFileType = sourcecode.c.h; path = libb64.h; sourceTree = "<group>"; };
		551E93D31BD512D3009F788F /* md5.c */ = {isa = PBXFileReference; fileEncoding = 4; lastKnownFileType = sourcecode.c.c; path = md5.c; sourceTree = "<group>"; };
		551E93D41BD512D3009F788F /* md5.h */ = {isa = PBXFileReference; fileEncoding = 4; lastKnownFileType = sourcecode.c.h; path = md5.h; sourceTree = "<group>"; };
		551E93D51BD512D3009F788F /* sha1.cpp */ = {isa = PBXFileReference; fileEncoding = 4; lastKnownFileType = sourcecode.cpp.cpp; path = sha1.cpp; sourceTree = "<group>"; };
		551E93D61BD512D3009F788F /* sha1.h */ = {isa = PBXFileReference; fileEncoding = 4; lastKnownFileType = sourcecode.c.h; path = sha1.h; sourceTree = "<group>"; };
		551E93D71BD512D3009F788F /* xor.cpp */ = {isa = PBXFileReference; fileEncoding = 4; lastKnownFileType = sourcecode.cpp.cpp; path = xor.cpp; sourceTree = "<group>"; };
		551E93D81BD512D3009F788F /* xor.h */ = {isa = PBXFileReference; fileEncoding = 4; lastKnownFileType = sourcecode.c.h; path = xor.h; sourceTree = "<group>"; };
		551E93D91BD512D3009F788F /* XXTEA.cpp */ = {isa = PBXFileReference; fileEncoding = 4; lastKnownFileType = sourcecode.cpp.cpp; path = XXTEA.cpp; sourceTree = "<group>"; };
		551E93DA1BD512D3009F788F /* XXTEA.h */ = {isa = PBXFileReference; fileEncoding = 4; lastKnownFileType = sourcecode.c.h; path = XXTEA.h; sourceTree = "<group>"; };
		551E93DC1BD512D3009F788F /* FileStream.cpp */ = {isa = PBXFileReference; fileEncoding = 4; lastKnownFileType = sourcecode.cpp.cpp; path = FileStream.cpp; sourceTree = "<group>"; };
		551E93DD1BD512D3009F788F /* FileStream.h */ = {isa = PBXFileReference; fileEncoding = 4; lastKnownFileType = sourcecode.c.h; path = FileStream.h; sourceTree = "<group>"; };
		551E93DE1BD512D3009F788F /* MemoryStream.cpp */ = {isa = PBXFileReference; fileEncoding = 4; lastKnownFileType = sourcecode.cpp.cpp; path = MemoryStream.cpp; sourceTree = "<group>"; };
		551E93DF1BD512D3009F788F /* MemoryStream.h */ = {isa = PBXFileReference; fileEncoding = 4; lastKnownFileType = sourcecode.c.h; path = MemoryStream.h; sourceTree = "<group>"; };
		551E93E01BD512D3009F788F /* Stream.cpp */ = {isa = PBXFileReference; fileEncoding = 4; lastKnownFileType = sourcecode.cpp.cpp; path = Stream.cpp; sourceTree = "<group>"; };
		551E93E11BD512D3009F788F /* Stream.h */ = {isa = PBXFileReference; fileEncoding = 4; lastKnownFileType = sourcecode.c.h; path = Stream.h; sourceTree = "<group>"; };
		55338ACD1BD8781E00EA316F /* BaseMonster.cpp */ = {isa = PBXFileReference; fileEncoding = 4; lastKnownFileType = sourcecode.cpp.cpp; path = BaseMonster.cpp; sourceTree = "<group>"; };
		55338ACE1BD8781E00EA316F /* BaseMonster.hpp */ = {isa = PBXFileReference; fileEncoding = 4; lastKnownFileType = sourcecode.cpp.h; path = BaseMonster.hpp; sourceTree = "<group>"; };
		55338AD31BD878BF00EA316F /* StandardMonster.cpp */ = {isa = PBXFileReference; fileEncoding = 4; lastKnownFileType = sourcecode.cpp.cpp; path = StandardMonster.cpp; sourceTree = "<group>"; };
		55338AD41BD878BF00EA316F /* StandardMonster.hpp */ = {isa = PBXFileReference; fileEncoding = 4; lastKnownFileType = sourcecode.cpp.h; path = StandardMonster.hpp; sourceTree = "<group>"; };
		55338AD81BD8920F00EA316F /* SlimeKing.cpp */ = {isa = PBXFileReference; fileEncoding = 4; lastKnownFileType = sourcecode.cpp.cpp; path = SlimeKing.cpp; sourceTree = "<group>"; };
		55338AD91BD8920F00EA316F /* SlimeKing.hpp */ = {isa = PBXFileReference; fileEncoding = 4; lastKnownFileType = sourcecode.cpp.h; path = SlimeKing.hpp; sourceTree = "<group>"; };
		55338ADC1BD8925100EA316F /* Warden.cpp */ = {isa = PBXFileReference; fileEncoding = 4; lastKnownFileType = sourcecode.cpp.cpp; path = Warden.cpp; sourceTree = "<group>"; };
		55338ADD1BD8925100EA316F /* Warden.hpp */ = {isa = PBXFileReference; fileEncoding = 4; lastKnownFileType = sourcecode.cpp.h; path = Warden.hpp; sourceTree = "<group>"; };
		55338AE01BD8926A00EA316F /* SkeletonKing.cpp */ = {isa = PBXFileReference; fileEncoding = 4; lastKnownFileType = sourcecode.cpp.cpp; path = SkeletonKing.cpp; sourceTree = "<group>"; };
		55338AE11BD8926A00EA316F /* SkeletonKing.hpp */ = {isa = PBXFileReference; fileEncoding = 4; lastKnownFileType = sourcecode.cpp.h; path = SkeletonKing.hpp; sourceTree = "<group>"; };
		55338AE41BD8928E00EA316F /* Giant.cpp */ = {isa = PBXFileReference; fileEncoding = 4; lastKnownFileType = sourcecode.cpp.cpp; path = Giant.cpp; sourceTree = "<group>"; };
		55338AE51BD8928E00EA316F /* Giant.hpp */ = {isa = PBXFileReference; fileEncoding = 4; lastKnownFileType = sourcecode.cpp.h; path = Giant.hpp; sourceTree = "<group>"; };
		55338AE81BD892C200EA316F /* Archbishop.cpp */ = {isa = PBXFileReference; fileEncoding = 4; lastKnownFileType = sourcecode.cpp.cpp; path = Archbishop.cpp; sourceTree = "<group>"; };
		55338AE91BD892C200EA316F /* Archbishop.hpp */ = {isa = PBXFileReference; fileEncoding = 4; lastKnownFileType = sourcecode.cpp.h; path = Archbishop.hpp; sourceTree = "<group>"; };
		55338AEC1BD892FC00EA316F /* ShadowDragon.cpp */ = {isa = PBXFileReference; fileEncoding = 4; lastKnownFileType = sourcecode.cpp.cpp; path = ShadowDragon.cpp; sourceTree = "<group>"; };
		55338AED1BD892FC00EA316F /* ShadowDragon.hpp */ = {isa = PBXFileReference; fileEncoding = 4; lastKnownFileType = sourcecode.cpp.h; path = ShadowDragon.hpp; sourceTree = "<group>"; };
		553BC4FF1BCDF457003D907A /* Actor.cpp */ = {isa = PBXFileReference; fileEncoding = 4; lastKnownFileType = sourcecode.cpp.cpp; path = Actor.cpp; sourceTree = "<group>"; };
		553BC5001BCDF457003D907A /* Actor.hpp */ = {isa = PBXFileReference; fileEncoding = 4; lastKnownFileType = sourcecode.cpp.h; path = Actor.hpp; sourceTree = "<group>"; };
		553BC5071BCE499B003D907A /* BaseDoor.cpp */ = {isa = PBXFileReference; fileEncoding = 4; lastKnownFileType = sourcecode.cpp.cpp; path = BaseDoor.cpp; sourceTree = "<group>"; };
		553BC5081BCE499B003D907A /* BaseDoor.hpp */ = {isa = PBXFileReference; fileEncoding = 4; lastKnownFileType = sourcecode.cpp.h; path = BaseDoor.hpp; sourceTree = "<group>"; };
		553BC50B1BCE5191003D907A /* StandardDoor.cpp */ = {isa = PBXFileReference; fileEncoding = 4; lastKnownFileType = sourcecode.cpp.cpp; path = StandardDoor.cpp; sourceTree = "<group>"; };
		553BC50C1BCE5191003D907A /* StandardDoor.hpp */ = {isa = PBXFileReference; fileEncoding = 4; lastKnownFileType = sourcecode.cpp.h; path = StandardDoor.hpp; sourceTree = "<group>"; };
		55407D551BD5E2BC0000C41C /* GameFormula.cpp */ = {isa = PBXFileReference; fileEncoding = 4; lastKnownFileType = sourcecode.cpp.cpp; path = GameFormula.cpp; sourceTree = "<group>"; };
		55407D561BD5E2BC0000C41C /* GameFormula.hpp */ = {isa = PBXFileReference; fileEncoding = 4; lastKnownFileType = sourcecode.cpp.h; path = GameFormula.hpp; sourceTree = "<group>"; };
		55407D5F1BD633590000C41C /* EventConst.h */ = {isa = PBXFileReference; fileEncoding = 4; lastKnownFileType = sourcecode.c.h; path = EventConst.h; sourceTree = "<group>"; };
		55407D621BD64F440000C41C /* ItemProperty.cpp */ = {isa = PBXFileReference; fileEncoding = 4; lastKnownFileType = sourcecode.cpp.cpp; path = ItemProperty.cpp; sourceTree = "<group>"; };
		55407D631BD64F450000C41C /* ItemProperty.hpp */ = {isa = PBXFileReference; fileEncoding = 4; lastKnownFileType = sourcecode.cpp.h; path = ItemProperty.hpp; sourceTree = "<group>"; };
		554F00E61BD9CDF600F4DF8E /* data */ = {isa = PBXFileReference; lastKnownFileType = folder; path = data; sourceTree = "<group>"; };
		554F00EC1BDA210000F4DF8E /* BaseBoss.cpp */ = {isa = PBXFileReference; fileEncoding = 4; lastKnownFileType = sourcecode.cpp.cpp; path = BaseBoss.cpp; sourceTree = "<group>"; };
		554F00ED1BDA210000F4DF8E /* BaseBoss.hpp */ = {isa = PBXFileReference; fileEncoding = 4; lastKnownFileType = sourcecode.cpp.h; path = BaseBoss.hpp; sourceTree = "<group>"; };
		554F00F41BDA219E00F4DF8E /* PickableItem.cpp */ = {isa = PBXFileReference; fileEncoding = 4; lastKnownFileType = sourcecode.cpp.cpp; path = PickableItem.cpp; sourceTree = "<group>"; };
		554F00F51BDA219E00F4DF8E /* PickableItem.hpp */ = {isa = PBXFileReference; fileEncoding = 4; lastKnownFileType = sourcecode.cpp.h; path = PickableItem.hpp; sourceTree = "<group>"; };
		554F00F81BDA21B100F4DF8E /* BaseItem.cpp */ = {isa = PBXFileReference; fileEncoding = 4; lastKnownFileType = sourcecode.cpp.cpp; path = BaseItem.cpp; sourceTree = "<group>"; };
		554F00F91BDA21B100F4DF8E /* BaseItem.hpp */ = {isa = PBXFileReference; fileEncoding = 4; lastKnownFileType = sourcecode.cpp.h; path = BaseItem.hpp; sourceTree = "<group>"; };
		554F01031BDA3A3100F4DF8E /* SewerLevel.cpp */ = {isa = PBXFileReference; fileEncoding = 4; lastKnownFileType = sourcecode.cpp.cpp; path = SewerLevel.cpp; sourceTree = "<group>"; };
		554F01041BDA3A3100F4DF8E /* SewerLevel.hpp */ = {isa = PBXFileReference; fileEncoding = 4; lastKnownFileType = sourcecode.cpp.h; path = SewerLevel.hpp; sourceTree = "<group>"; };
		555B0D001BC51A2C0055FB6D /* AppDelegate.cpp */ = {isa = PBXFileReference; fileEncoding = 4; lastKnownFileType = sourcecode.cpp.cpp; path = AppDelegate.cpp; sourceTree = "<group>"; };
		555B0D011BC51A2C0055FB6D /* AppDelegate.h */ = {isa = PBXFileReference; fileEncoding = 4; lastKnownFileType = sourcecode.c.h; path = AppDelegate.h; sourceTree = "<group>"; };
		555B0D031BC51A2C0055FB6D /* Area.cpp */ = {isa = PBXFileReference; fileEncoding = 4; lastKnownFileType = sourcecode.cpp.cpp; path = Area.cpp; sourceTree = "<group>"; };
		555B0D041BC51A2C0055FB6D /* Area.h */ = {isa = PBXFileReference; fileEncoding = 4; lastKnownFileType = sourcecode.c.h; path = Area.h; sourceTree = "<group>"; };
		555B0D051BC51A2C0055FB6D /* BaseLevel.cpp */ = {isa = PBXFileReference; fileEncoding = 4; lastKnownFileType = sourcecode.cpp.cpp; path = BaseLevel.cpp; sourceTree = "<group>"; };
		555B0D061BC51A2C0055FB6D /* BaseLevel.h */ = {isa = PBXFileReference; fileEncoding = 4; lastKnownFileType = sourcecode.c.h; path = BaseLevel.h; sourceTree = "<group>"; };
		555B0D071BC51A2C0055FB6D /* Door.cpp */ = {isa = PBXFileReference; fileEncoding = 4; lastKnownFileType = sourcecode.cpp.cpp; path = Door.cpp; sourceTree = "<group>"; };
		555B0D081BC51A2C0055FB6D /* Door.h */ = {isa = PBXFileReference; fileEncoding = 4; lastKnownFileType = sourcecode.c.h; path = Door.h; sourceTree = "<group>"; };
		555B0D091BC51A2C0055FB6D /* Graph.cpp */ = {isa = PBXFileReference; fileEncoding = 4; lastKnownFileType = sourcecode.cpp.cpp; path = Graph.cpp; sourceTree = "<group>"; };
		555B0D0A1BC51A2C0055FB6D /* Graph.h */ = {isa = PBXFileReference; fileEncoding = 4; lastKnownFileType = sourcecode.c.h; path = Graph.h; sourceTree = "<group>"; };
		555B0D0B1BC51A2C0055FB6D /* StandardLevel.cpp */ = {isa = PBXFileReference; fileEncoding = 4; lastKnownFileType = sourcecode.cpp.cpp; path = StandardLevel.cpp; sourceTree = "<group>"; };
		555B0D0C1BC51A2C0055FB6D /* StandardLevel.h */ = {isa = PBXFileReference; fileEncoding = 4; lastKnownFileType = sourcecode.c.h; path = StandardLevel.h; sourceTree = "<group>"; };
		555B0D101BC51A2C0055FB6D /* GameScene.cpp */ = {isa = PBXFileReference; fileEncoding = 4; lastKnownFileType = sourcecode.cpp.cpp; path = GameScene.cpp; sourceTree = "<group>"; };
		555B0D111BC51A2C0055FB6D /* GameScene.h */ = {isa = PBXFileReference; fileEncoding = 4; lastKnownFileType = sourcecode.c.h; path = GameScene.h; sourceTree = "<group>"; };
		555B0D131BC51A2C0055FB6D /* VoxelExplorer.cpp */ = {isa = PBXFileReference; fileEncoding = 4; lastKnownFileType = sourcecode.cpp.cpp; path = VoxelExplorer.cpp; sourceTree = "<group>"; };
		555B0D141BC51A2C0055FB6D /* VoxelExplorer.h */ = {isa = PBXFileReference; fileEncoding = 4; lastKnownFileType = sourcecode.c.h; path = VoxelExplorer.h; sourceTree = "<group>"; };
		559B217E1BC65D330047D998 /* textures */ = {isa = PBXFileReference; lastKnownFileType = folder; path = textures; sourceTree = "<group>"; };
		55D6D67E1BC527D000081221 /* models */ = {isa = PBXFileReference; lastKnownFileType = folder; path = models; sourceTree = "<group>"; };
		55EC95831BC6AA7B0008D1D7 /* TerrainTile.cpp */ = {isa = PBXFileReference; fileEncoding = 4; lastKnownFileType = sourcecode.cpp.cpp; path = TerrainTile.cpp; sourceTree = "<group>"; };
		55EC95841BC6AA7B0008D1D7 /* TerrainTile.hpp */ = {isa = PBXFileReference; fileEncoding = 4; lastKnownFileType = sourcecode.cpp.h; path = TerrainTile.hpp; sourceTree = "<group>"; };
		55ECFB421BC79852007270CD /* Player.cpp */ = {isa = PBXFileReference; fileEncoding = 4; lastKnownFileType = sourcecode.cpp.cpp; path = Player.cpp; sourceTree = "<group>"; };
		55ECFB431BC79852007270CD /* Player.hpp */ = {isa = PBXFileReference; fileEncoding = 4; lastKnownFileType = sourcecode.cpp.h; path = Player.hpp; sourceTree = "<group>"; };
		8262943D1AAF051F00CB7CF7 /* Security.framework */ = {isa = PBXFileReference; lastKnownFileType = wrapper.framework; name = Security.framework; path = System/Library/Frameworks/Security.framework; sourceTree = SDKROOT; };
		BF170DB012928DE900B8313A /* OpenGLES.framework */ = {isa = PBXFileReference; lastKnownFileType = wrapper.framework; name = OpenGLES.framework; path = System/Library/Frameworks/OpenGLES.framework; sourceTree = SDKROOT; };
		BF170DB412928DE900B8313A /* libz.dylib */ = {isa = PBXFileReference; lastKnownFileType = "compiled.mach-o.dylib"; name = libz.dylib; path = usr/lib/libz.dylib; sourceTree = SDKROOT; };
		BF1C47EA1293683800B63C5D /* QuartzCore.framework */ = {isa = PBXFileReference; lastKnownFileType = wrapper.framework; name = QuartzCore.framework; path = System/Library/Frameworks/QuartzCore.framework; sourceTree = SDKROOT; };
		D44C620B132DFF330009C878 /* OpenAL.framework */ = {isa = PBXFileReference; lastKnownFileType = wrapper.framework; name = OpenAL.framework; path = System/Library/Frameworks/OpenAL.framework; sourceTree = SDKROOT; };
		D44C620D132DFF430009C878 /* AVFoundation.framework */ = {isa = PBXFileReference; lastKnownFileType = wrapper.framework; name = AVFoundation.framework; path = System/Library/Frameworks/AVFoundation.framework; sourceTree = SDKROOT; };
		D44C620F132DFF4E0009C878 /* AudioToolbox.framework */ = {isa = PBXFileReference; lastKnownFileType = wrapper.framework; name = AudioToolbox.framework; path = System/Library/Frameworks/AudioToolbox.framework; sourceTree = SDKROOT; };
		D6B0611A1803AB670077942B /* CoreMotion.framework */ = {isa = PBXFileReference; lastKnownFileType = wrapper.framework; name = CoreMotion.framework; path = Platforms/iPhoneOS.platform/Developer/SDKs/iPhoneOS7.0.sdk/System/Library/Frameworks/CoreMotion.framework; sourceTree = DEVELOPER_DIR; };
		EC00DD551BD66586009BC378 /* GameUILayer.cpp */ = {isa = PBXFileReference; fileEncoding = 4; lastKnownFileType = sourcecode.cpp.cpp; path = GameUILayer.cpp; sourceTree = "<group>"; };
		EC00DD561BD66586009BC378 /* GameUILayer.h */ = {isa = PBXFileReference; fileEncoding = 4; lastKnownFileType = sourcecode.c.h; path = GameUILayer.h; sourceTree = "<group>"; };
		EC00DD571BD66586009BC378 /* MenuUILayer.cpp */ = {isa = PBXFileReference; fileEncoding = 4; lastKnownFileType = sourcecode.cpp.cpp; path = MenuUILayer.cpp; sourceTree = "<group>"; };
		EC00DD581BD66586009BC378 /* MenuUILayer.h */ = {isa = PBXFileReference; fileEncoding = 4; lastKnownFileType = sourcecode.c.h; path = MenuUILayer.h; sourceTree = "<group>"; };
		EC00DD5D1BD665A6009BC378 /* MenuScene.cpp */ = {isa = PBXFileReference; fileEncoding = 4; lastKnownFileType = sourcecode.cpp.cpp; path = MenuScene.cpp; sourceTree = "<group>"; };
		EC00DD5E1BD665A6009BC378 /* MenuScene.h */ = {isa = PBXFileReference; fileEncoding = 4; lastKnownFileType = sourcecode.c.h; path = MenuScene.h; sourceTree = "<group>"; };
		EC6715EE1BCE7EE500C81CFC /* GameConfig.h */ = {isa = PBXFileReference; fileEncoding = 4; lastKnownFileType = sourcecode.c.h; path = GameConfig.h; sourceTree = "<group>"; };
		EC6716431BCE7F2C00C81CFC /* LogoScene.cpp */ = {isa = PBXFileReference; fileEncoding = 4; lastKnownFileType = sourcecode.cpp.cpp; path = LogoScene.cpp; sourceTree = "<group>"; };
		EC6716441BCE7F2C00C81CFC /* LogoScene.h */ = {isa = PBXFileReference; fileEncoding = 4; lastKnownFileType = sourcecode.c.h; path = LogoScene.h; sourceTree = "<group>"; };
		EC6716561BCE7F5F00C81CFC /* lang */ = {isa = PBXFileReference; lastKnownFileType = folder; path = lang; sourceTree = "<group>"; };
		EC6716581BCE7F5F00C81CFC /* ui */ = {isa = PBXFileReference; lastKnownFileType = folder; path = ui; sourceTree = "<group>"; };
		EC7F92D11BCF9ED200B26C6C /* HueSprite.cpp */ = {isa = PBXFileReference; fileEncoding = 4; lastKnownFileType = sourcecode.cpp.cpp; path = HueSprite.cpp; sourceTree = "<group>"; };
		EC7F92D21BCF9ED200B26C6C /* HueSprite.h */ = {isa = PBXFileReference; fileEncoding = 4; lastKnownFileType = sourcecode.c.h; path = HueSprite.h; sourceTree = "<group>"; };
		ECA229091BD9DE1D008E03BB /* ItemUI.cpp */ = {isa = PBXFileReference; fileEncoding = 4; lastKnownFileType = sourcecode.cpp.cpp; path = ItemUI.cpp; sourceTree = "<group>"; };
		ECA2290A1BD9DE1D008E03BB /* ItemUI.h */ = {isa = PBXFileReference; fileEncoding = 4; lastKnownFileType = sourcecode.c.h; path = ItemUI.h; sourceTree = "<group>"; };
		ECD10D631BD0967B007DD888 /* CloseCallback.cpp */ = {isa = PBXFileReference; fileEncoding = 4; lastKnownFileType = sourcecode.cpp.cpp; path = CloseCallback.cpp; sourceTree = "<group>"; };
		ECD10D641BD0967B007DD888 /* CloseCallback.h */ = {isa = PBXFileReference; fileEncoding = 4; lastKnownFileType = sourcecode.c.h; path = CloseCallback.h; sourceTree = "<group>"; };
		ECD10D651BD0967B007DD888 /* PopupType.h */ = {isa = PBXFileReference; fileEncoding = 4; lastKnownFileType = sourcecode.c.h; path = PopupType.h; sourceTree = "<group>"; };
		ECD10D661BD0967B007DD888 /* PopupUILayer.cpp */ = {isa = PBXFileReference; fileEncoding = 4; lastKnownFileType = sourcecode.cpp.cpp; path = PopupUILayer.cpp; sourceTree = "<group>"; };
		ECD10D671BD0967B007DD888 /* PopupUILayer.h */ = {isa = PBXFileReference; fileEncoding = 4; lastKnownFileType = sourcecode.c.h; path = PopupUILayer.h; sourceTree = "<group>"; };
		ECD10D681BD0967B007DD888 /* PopupUILayerManager.cpp */ = {isa = PBXFileReference; fileEncoding = 4; lastKnownFileType = sourcecode.cpp.cpp; path = PopupUILayerManager.cpp; sourceTree = "<group>"; };
		ECD10D691BD0967B007DD888 /* PopupUILayerManager.h */ = {isa = PBXFileReference; fileEncoding = 4; lastKnownFileType = sourcecode.c.h; path = PopupUILayerManager.h; sourceTree = "<group>"; };
		ECD10D6A1BD0967B007DD888 /* WrapperUILayer.cpp */ = {isa = PBXFileReference; fileEncoding = 4; lastKnownFileType = sourcecode.cpp.cpp; path = WrapperUILayer.cpp; sourceTree = "<group>"; };
		ECD10D6B1BD0967B007DD888 /* WrapperUILayer.h */ = {isa = PBXFileReference; fileEncoding = 4; lastKnownFileType = sourcecode.c.h; path = WrapperUILayer.h; sourceTree = "<group>"; };
		ECE1B9451BD8AC820035B4D9 /* TGridView.cpp */ = {isa = PBXFileReference; fileEncoding = 4; lastKnownFileType = sourcecode.cpp.cpp; path = TGridView.cpp; sourceTree = "<group>"; };
		ECE1B9461BD8AC820035B4D9 /* TGridView.h */ = {isa = PBXFileReference; fileEncoding = 4; lastKnownFileType = sourcecode.c.h; path = TGridView.h; sourceTree = "<group>"; };
		ECE1B9561BD8E6660035B4D9 /* RolePopUpUI.cpp */ = {isa = PBXFileReference; fileEncoding = 4; lastKnownFileType = sourcecode.cpp.cpp; path = RolePopUpUI.cpp; sourceTree = "<group>"; };
		ECE1B9571BD8E6660035B4D9 /* RolePopUpUI.h */ = {isa = PBXFileReference; fileEncoding = 4; lastKnownFileType = sourcecode.c.h; path = RolePopUpUI.h; sourceTree = "<group>"; };
		ED545A7B1B68A1F400C3958E /* libiconv.dylib */ = {isa = PBXFileReference; lastKnownFileType = "compiled.mach-o.dylib"; name = libiconv.dylib; path = Platforms/iPhoneOS.platform/Developer/SDKs/iPhoneOS8.4.sdk/usr/lib/libiconv.dylib; sourceTree = DEVELOPER_DIR; };
		ED545A7D1B68A1FA00C3958E /* libiconv.dylib */ = {isa = PBXFileReference; lastKnownFileType = "compiled.mach-o.dylib"; name = libiconv.dylib; path = usr/lib/libiconv.dylib; sourceTree = SDKROOT; };
/* End PBXFileReference section */

/* Begin PBXFrameworksBuildPhase section */
		1D60588F0D05DD3D006BFB54 /* Frameworks */ = {
			isa = PBXFrameworksBuildPhase;
			buildActionMask = 2147483647;
			files = (
				ED545A7C1B68A1F400C3958E /* libiconv.dylib in Frameworks */,
				52B47A471A53D09C004E4C60 /* Security.framework in Frameworks */,
				1AC6FB30180E99EB004C840B /* libcocos2d iOS.a in Frameworks */,
				D6B0611B1803AB670077942B /* CoreMotion.framework in Frameworks */,
				1D60589F0D05DD5A006BFB54 /* Foundation.framework in Frameworks */,
				1DF5F4E00D08C38300B7A737 /* UIKit.framework in Frameworks */,
				288765A50DF7441C002DB57D /* CoreGraphics.framework in Frameworks */,
				BF171245129291EC00B8313A /* OpenGLES.framework in Frameworks */,
				BF1712471292920000B8313A /* libz.dylib in Frameworks */,
				BF1C47F01293687400B63C5D /* QuartzCore.framework in Frameworks */,
				D44C620C132DFF330009C878 /* OpenAL.framework in Frameworks */,
				D44C620E132DFF430009C878 /* AVFoundation.framework in Frameworks */,
				D44C6210132DFF4E0009C878 /* AudioToolbox.framework in Frameworks */,
			);
			runOnlyForDeploymentPostprocessing = 0;
		};
		5087E75C17EB910900C73F5D /* Frameworks */ = {
			isa = PBXFrameworksBuildPhase;
			buildActionMask = 2147483647;
			files = (
				ED545A7E1B68A1FA00C3958E /* libiconv.dylib in Frameworks */,
				1AC6FB21180E996B004C840B /* libcocos2d Mac.a in Frameworks */,
				5087E76717EB910900C73F5D /* libz.dylib in Frameworks */,
				8262943E1AAF051F00CB7CF7 /* Security.framework in Frameworks */,
				503AE11B17EB9C5A00D1A890 /* IOKit.framework in Frameworks */,
				5087E78B17EB975400C73F5D /* OpenGL.framework in Frameworks */,
				5087E78917EB974C00C73F5D /* AppKit.framework in Frameworks */,
				5087E76317EB910900C73F5D /* Foundation.framework in Frameworks */,
				5087E76817EB910900C73F5D /* QuartzCore.framework in Frameworks */,
				5087E76917EB910900C73F5D /* OpenAL.framework in Frameworks */,
				5087E76A17EB910900C73F5D /* AVFoundation.framework in Frameworks */,
				5087E76B17EB910900C73F5D /* AudioToolbox.framework in Frameworks */,
			);
			runOnlyForDeploymentPostprocessing = 0;
		};
/* End PBXFrameworksBuildPhase section */

/* Begin PBXGroup section */
		080E96DDFE201D6D7F000001 /* ios */ = {
			isa = PBXGroup;
			children = (
				5087E77117EB970100C73F5D /* Icons */,
				503AE0FA17EB989F00D1A890 /* AppController.h */,
				503AE0FB17EB989F00D1A890 /* AppController.mm */,
				503AE0FC17EB989F00D1A890 /* main.m */,
				503AE0FD17EB989F00D1A890 /* Prefix.pch */,
				503AE0FE17EB989F00D1A890 /* RootViewController.h */,
				503AE0FF17EB989F00D1A890 /* RootViewController.mm */,
			);
			name = ios;
			path = Classes;
			sourceTree = "<group>";
		};
		19C28FACFE9D520D11CA2CBB /* Products */ = {
			isa = PBXGroup;
			children = (
				1D6058910D05DD3D006BFB54 /* Voxel_Explorer-mobile.app */,
				5087E76F17EB910900C73F5D /* Voxel_Explorer-desktop.app */,
			);
			name = Products;
			sourceTree = "<group>";
		};
		1AC6FAE6180E9839004C840B /* Products */ = {
			isa = PBXGroup;
			children = (
				1AC6FAF9180E9839004C840B /* libcocos2d Mac.a */,
				1AC6FB07180E9839004C840B /* libcocos2d iOS.a */,
			);
			name = Products;
			sourceTree = "<group>";
		};
		29B97314FDCFA39411CA2CEA /* CustomTemplate */ = {
			isa = PBXGroup;
			children = (
				555B0CFF1BC51A2C0055FB6D /* Classes */,
				46880B7519C43A67006E1F66 /* Resources */,
				1AC6FAE5180E9839004C840B /* cocos2d_libs.xcodeproj */,
				29B97323FDCFA39411CA2CEA /* Frameworks */,
				080E96DDFE201D6D7F000001 /* ios */,
				503AE10617EB990700D1A890 /* mac */,
				19C28FACFE9D520D11CA2CBB /* Products */,
			);
			name = CustomTemplate;
			sourceTree = "<group>";
		};
		29B97323FDCFA39411CA2CEA /* Frameworks */ = {
			isa = PBXGroup;
			children = (
				ED545A7D1B68A1FA00C3958E /* libiconv.dylib */,
				ED545A7B1B68A1F400C3958E /* libiconv.dylib */,
				8262943D1AAF051F00CB7CF7 /* Security.framework */,
				52B47A461A53D09B004E4C60 /* Security.framework */,
				D6B0611A1803AB670077942B /* CoreMotion.framework */,
				503AE11A17EB9C5A00D1A890 /* IOKit.framework */,
				503AE11117EB99EE00D1A890 /* libcurl.dylib */,
				5087E78A17EB975400C73F5D /* OpenGL.framework */,
				5087E78817EB974C00C73F5D /* AppKit.framework */,
				1ACB3243164770DE00914215 /* libcurl.a */,
				BF170DB412928DE900B8313A /* libz.dylib */,
				D44C620F132DFF4E0009C878 /* AudioToolbox.framework */,
				D44C620D132DFF430009C878 /* AVFoundation.framework */,
				288765A40DF7441C002DB57D /* CoreGraphics.framework */,
				1D30AB110D05D00D00671497 /* Foundation.framework */,
				D44C620B132DFF330009C878 /* OpenAL.framework */,
				BF170DB012928DE900B8313A /* OpenGLES.framework */,
				BF1C47EA1293683800B63C5D /* QuartzCore.framework */,
				1DF5F4DF0D08C38300B7A737 /* UIKit.framework */,
			);
			name = Frameworks;
			sourceTree = "<group>";
		};
		46880B7519C43A67006E1F66 /* Resources */ = {
			isa = PBXGroup;
			children = (
				554F00E61BD9CDF600F4DF8E /* data */,
				EC6716561BCE7F5F00C81CFC /* lang */,
				EC6716581BCE7F5F00C81CFC /* ui */,
				559B217E1BC65D330047D998 /* textures */,
				55D6D67E1BC527D000081221 /* models */,
				521A8EA819F11F5000D177D7 /* fonts */,
			);
			name = Resources;
			path = ../Resources;
			sourceTree = "<group>";
		};
		503AE0F517EB97AB00D1A890 /* Icons */ = {
			isa = PBXGroup;
			children = (
				503AE0F617EB97AB00D1A890 /* Icon.icns */,
				503AE0F717EB97AB00D1A890 /* Info.plist */,
			);
			name = Icons;
			path = mac;
			sourceTree = SOURCE_ROOT;
		};
		503AE10617EB990700D1A890 /* mac */ = {
			isa = PBXGroup;
			children = (
				503AE0F517EB97AB00D1A890 /* Icons */,
				503AE10317EB98FF00D1A890 /* main.cpp */,
				503AE10417EB98FF00D1A890 /* Prefix.pch */,
			);
			name = mac;
			sourceTree = "<group>";
		};
		5087E77117EB970100C73F5D /* Icons */ = {
			isa = PBXGroup;
			children = (
				521A8E6219F0C34300D177D7 /* Default-667h@2x.png */,
				521A8E6319F0C34300D177D7 /* Default-736h@3x.png */,
				5087E77217EB970100C73F5D /* Default-568h@2x.png */,
				5087E77317EB970100C73F5D /* Default.png */,
				5087E77417EB970100C73F5D /* Default@2x.png */,
				50EF62A017ECD613001EB2F8 /* Icon-29.png */,
				50EF62A117ECD613001EB2F8 /* Icon-50.png */,
				50EF629217ECD46A001EB2F8 /* Icon-40.png */,
				50EF629317ECD46A001EB2F8 /* Icon-58.png */,
				50EF629417ECD46A001EB2F8 /* Icon-80.png */,
				50EF629517ECD46A001EB2F8 /* Icon-100.png */,
				5087E77517EB970100C73F5D /* Icon-114.png */,
				5087E77617EB970100C73F5D /* Icon-120.png */,
				5087E77717EB970100C73F5D /* Icon-144.png */,
				5087E77817EB970100C73F5D /* Icon-152.png */,
				5087E77917EB970100C73F5D /* Icon-57.png */,
				5087E77A17EB970100C73F5D /* Icon-72.png */,
				5087E77B17EB970100C73F5D /* Icon-76.png */,
				5087E77C17EB970100C73F5D /* Info.plist */,
			);
			name = Icons;
			path = ios;
			sourceTree = SOURCE_ROOT;
		};
		551E93B31BD51291009F788F /* Mgrs */ = {
			isa = PBXGroup;
			children = (
				551E93B41BD51291009F788F /* ArchiveManager.cpp */,
				551E93B51BD51291009F788F /* ArchiveManager.h */,
				551E93B61BD51291009F788F /* LevelResourceManager.cpp */,
				551E93B71BD51291009F788F /* LevelResourceManager.h */,
				551E93B81BD51291009F788F /* UserRecord.cpp */,
				551E93B91BD51291009F788F /* UserRecord.h */,
				55407D551BD5E2BC0000C41C /* GameFormula.cpp */,
				55407D561BD5E2BC0000C41C /* GameFormula.hpp */,
				551651C31BD73102004ED7F6 /* RandomDungeon.cpp */,
				551651C41BD73102004ED7F6 /* RandomDungeon.hpp */,
			);
			path = Mgrs;
			sourceTree = "<group>";
		};
		551E93BA1BD51291009F788F /* Properties */ = {
			isa = PBXGroup;
			children = (
				551E93BB1BD51291009F788F /* MonsterProperty.cpp */,
				551E93BC1BD51291009F788F /* MonsterProperty.hpp */,
				551E93BF1BD51291009F788F /* PlayerProperty.cpp */,
				551E93C01BD51291009F788F /* PlayerProperty.hpp */,
				55407D621BD64F440000C41C /* ItemProperty.cpp */,
				55407D631BD64F450000C41C /* ItemProperty.hpp */,
			);
			path = Properties;
			sourceTree = "<group>";
		};
		551E93CD1BD512D3009F788F /* ThirdLibs */ = {
			isa = PBXGroup;
			children = (
				551E93CE1BD512D3009F788F /* crypto */,
				551E93DB1BD512D3009F788F /* stream */,
			);
			path = ThirdLibs;
			sourceTree = "<group>";
		};
		551E93CE1BD512D3009F788F /* crypto */ = {
			isa = PBXGroup;
			children = (
				551E93CF1BD512D3009F788F /* CCCrypto.cpp */,
				551E93D01BD512D3009F788F /* CCCrypto.h */,
				551E93D11BD512D3009F788F /* libb64.c */,
				551E93D21BD512D3009F788F /* libb64.h */,
				551E93D31BD512D3009F788F /* md5.c */,
				551E93D41BD512D3009F788F /* md5.h */,
				551E93D51BD512D3009F788F /* sha1.cpp */,
				551E93D61BD512D3009F788F /* sha1.h */,
				551E93D71BD512D3009F788F /* xor.cpp */,
				551E93D81BD512D3009F788F /* xor.h */,
				551E93D91BD512D3009F788F /* XXTEA.cpp */,
				551E93DA1BD512D3009F788F /* XXTEA.h */,
			);
			path = crypto;
			sourceTree = "<group>";
		};
		551E93DB1BD512D3009F788F /* stream */ = {
			isa = PBXGroup;
			children = (
				551E93DC1BD512D3009F788F /* FileStream.cpp */,
				551E93DD1BD512D3009F788F /* FileStream.h */,
				551E93DE1BD512D3009F788F /* MemoryStream.cpp */,
				551E93DF1BD512D3009F788F /* MemoryStream.h */,
				551E93E01BD512D3009F788F /* Stream.cpp */,
				551E93E11BD512D3009F788F /* Stream.h */,
			);
			path = stream;
			sourceTree = "<group>";
		};
		55338AD71BD891C000EA316F /* Boss */ = {
			isa = PBXGroup;
			children = (
				55338AD81BD8920F00EA316F /* SlimeKing.cpp */,
				55338AD91BD8920F00EA316F /* SlimeKing.hpp */,
				55338ADC1BD8925100EA316F /* Warden.cpp */,
				55338ADD1BD8925100EA316F /* Warden.hpp */,
				55338AE01BD8926A00EA316F /* SkeletonKing.cpp */,
				55338AE11BD8926A00EA316F /* SkeletonKing.hpp */,
				55338AE41BD8928E00EA316F /* Giant.cpp */,
				55338AE51BD8928E00EA316F /* Giant.hpp */,
				55338AE81BD892C200EA316F /* Archbishop.cpp */,
				55338AE91BD892C200EA316F /* Archbishop.hpp */,
				55338AEC1BD892FC00EA316F /* ShadowDragon.cpp */,
				55338AED1BD892FC00EA316F /* ShadowDragon.hpp */,
				554F00EC1BDA210000F4DF8E /* BaseBoss.cpp */,
				554F00ED1BDA210000F4DF8E /* BaseBoss.hpp */,
			);
			path = Boss;
			sourceTree = "<group>";
		};
		553BC5061BCE4981003D907A /* Doors */ = {
			isa = PBXGroup;
			children = (
				553BC50B1BCE5191003D907A /* StandardDoor.cpp */,
				553BC50C1BCE5191003D907A /* StandardDoor.hpp */,
				553BC5071BCE499B003D907A /* BaseDoor.cpp */,
				553BC5081BCE499B003D907A /* BaseDoor.hpp */,
			);
			path = Doors;
			sourceTree = "<group>";
		};
		55407D781BD66E860000C41C /* Monsters */ = {
			isa = PBXGroup;
			children = (
				55338ACD1BD8781E00EA316F /* BaseMonster.cpp */,
				55338ACE1BD8781E00EA316F /* BaseMonster.hpp */,
				55338AD31BD878BF00EA316F /* StandardMonster.cpp */,
				55338AD41BD878BF00EA316F /* StandardMonster.hpp */,
			);
			path = Monsters;
			sourceTree = "<group>";
		};
		554F00F31BDA219E00F4DF8E /* Items */ = {
			isa = PBXGroup;
			children = (
				554F00F41BDA219E00F4DF8E /* PickableItem.cpp */,
				554F00F51BDA219E00F4DF8E /* PickableItem.hpp */,
				554F00F81BDA21B100F4DF8E /* BaseItem.cpp */,
				554F00F91BDA21B100F4DF8E /* BaseItem.hpp */,
			);
			path = Items;
			sourceTree = "<group>";
		};
		555B0CFF1BC51A2C0055FB6D /* Classes */ = {
			isa = PBXGroup;
			children = (
				551E93CD1BD512D3009F788F /* ThirdLibs */,
				551E93B31BD51291009F788F /* Mgrs */,
				551E93BA1BD51291009F788F /* Properties */,
				ECD10D621BD0967B007DD888 /* UI */,
				EC6715EB1BCE7EE500C81CFC /* Utilities */,
				55EC95761BC673690008D1D7 /* Sprites3D */,
				559B21841BC663CE0047D998 /* Sprites2D */,
				555B0D001BC51A2C0055FB6D /* AppDelegate.cpp */,
				555B0D011BC51A2C0055FB6D /* AppDelegate.h */,
				555B0D021BC51A2C0055FB6D /* Levels */,
				555B0D0F1BC51A2C0055FB6D /* Scenes */,
				555B0D131BC51A2C0055FB6D /* VoxelExplorer.cpp */,
				555B0D141BC51A2C0055FB6D /* VoxelExplorer.h */,
			);
			name = Classes;
			path = ../Classes;
			sourceTree = "<group>";
		};
		555B0D021BC51A2C0055FB6D /* Levels */ = {
			isa = PBXGroup;
			children = (
				554F01031BDA3A3100F4DF8E /* SewerLevel.cpp */,
				554F01041BDA3A3100F4DF8E /* SewerLevel.hpp */,
				555B0D031BC51A2C0055FB6D /* Area.cpp */,
				555B0D041BC51A2C0055FB6D /* Area.h */,
				555B0D051BC51A2C0055FB6D /* BaseLevel.cpp */,
				555B0D061BC51A2C0055FB6D /* BaseLevel.h */,
				555B0D071BC51A2C0055FB6D /* Door.cpp */,
				555B0D081BC51A2C0055FB6D /* Door.h */,
				555B0D091BC51A2C0055FB6D /* Graph.cpp */,
				555B0D0A1BC51A2C0055FB6D /* Graph.h */,
				555B0D0B1BC51A2C0055FB6D /* StandardLevel.cpp */,
				555B0D0C1BC51A2C0055FB6D /* StandardLevel.h */,
			);
			path = Levels;
			sourceTree = "<group>";
		};
		555B0D0F1BC51A2C0055FB6D /* Scenes */ = {
			isa = PBXGroup;
			children = (
				EC00DD5D1BD665A6009BC378 /* MenuScene.cpp */,
				EC00DD5E1BD665A6009BC378 /* MenuScene.h */,
				EC6716431BCE7F2C00C81CFC /* LogoScene.cpp */,
				EC6716441BCE7F2C00C81CFC /* LogoScene.h */,
				555B0D101BC51A2C0055FB6D /* GameScene.cpp */,
				555B0D111BC51A2C0055FB6D /* GameScene.h */,
			);
			path = Scenes;
			sourceTree = "<group>";
		};
		559B21841BC663CE0047D998 /* Sprites2D */ = {
			isa = PBXGroup;
			children = (
				EC7F92D11BCF9ED200B26C6C /* HueSprite.cpp */,
				EC7F92D21BCF9ED200B26C6C /* HueSprite.h */,
			);
			path = Sprites2D;
			sourceTree = "<group>";
		};
		55EC95761BC673690008D1D7 /* Sprites3D */ = {
			isa = PBXGroup;
			children = (
				554F00F31BDA219E00F4DF8E /* Items */,
				55338AD71BD891C000EA316F /* Boss */,
				55407D781BD66E860000C41C /* Monsters */,
				553BC5061BCE4981003D907A /* Doors */,
				553BC4FF1BCDF457003D907A /* Actor.cpp */,
				553BC5001BCDF457003D907A /* Actor.hpp */,
				55EC95831BC6AA7B0008D1D7 /* TerrainTile.cpp */,
				55EC95841BC6AA7B0008D1D7 /* TerrainTile.hpp */,
				55ECFB421BC79852007270CD /* Player.cpp */,
				55ECFB431BC79852007270CD /* Player.hpp */,
			);
			path = Sprites3D;
			sourceTree = "<group>";
		};
		EC6715EB1BCE7EE500C81CFC /* Utilities */ = {
			isa = PBXGroup;
			children = (
				551E93A01BD51282009F788F /* AlisaMethod.cpp */,
				551E93A11BD51282009F788F /* AlisaMethod.h */,
				551E93A21BD51282009F788F /* ChaosNumber.cpp */,
				551E93A31BD51282009F788F /* ChaosNumber.h */,
				551E93A51BD51282009F788F /* NativeBridge.h */,
				551E93A61BD51282009F788F /* NativeBridge.mm */,
				551E93A71BD51282009F788F /* UtilityHelper.cpp */,
				551E93A81BD51282009F788F /* UtilityHelper.h */,
				EC6715EE1BCE7EE500C81CFC /* GameConfig.h */,
				55407D5F1BD633590000C41C /* EventConst.h */,
			);
			path = Utilities;
			sourceTree = "<group>";
		};
		ECD10D621BD0967B007DD888 /* UI */ = {
			isa = PBXGroup;
			children = (
				ECA229091BD9DE1D008E03BB /* ItemUI.cpp */,
				ECA2290A1BD9DE1D008E03BB /* ItemUI.h */,
				ECE1B9561BD8E6660035B4D9 /* RolePopUpUI.cpp */,
				ECE1B9571BD8E6660035B4D9 /* RolePopUpUI.h */,
				ECE1B9451BD8AC820035B4D9 /* TGridView.cpp */,
				ECE1B9461BD8AC820035B4D9 /* TGridView.h */,
				EC00DD551BD66586009BC378 /* GameUILayer.cpp */,
				EC00DD561BD66586009BC378 /* GameUILayer.h */,
				EC00DD571BD66586009BC378 /* MenuUILayer.cpp */,
				EC00DD581BD66586009BC378 /* MenuUILayer.h */,
				ECD10D631BD0967B007DD888 /* CloseCallback.cpp */,
				ECD10D641BD0967B007DD888 /* CloseCallback.h */,
				ECD10D651BD0967B007DD888 /* PopupType.h */,
				ECD10D661BD0967B007DD888 /* PopupUILayer.cpp */,
				ECD10D671BD0967B007DD888 /* PopupUILayer.h */,
				ECD10D681BD0967B007DD888 /* PopupUILayerManager.cpp */,
				ECD10D691BD0967B007DD888 /* PopupUILayerManager.h */,
				ECD10D6A1BD0967B007DD888 /* WrapperUILayer.cpp */,
				ECD10D6B1BD0967B007DD888 /* WrapperUILayer.h */,
			);
			path = UI;
			sourceTree = "<group>";
		};
/* End PBXGroup section */

/* Begin PBXNativeTarget section */
		1D6058900D05DD3D006BFB54 /* Voxel_Explorer-mobile */ = {
			isa = PBXNativeTarget;
			buildConfigurationList = 1D6058960D05DD3E006BFB54 /* Build configuration list for PBXNativeTarget "Voxel_Explorer-mobile" */;
			buildPhases = (
				1D60588D0D05DD3D006BFB54 /* Resources */,
				1D60588E0D05DD3D006BFB54 /* Sources */,
				1D60588F0D05DD3D006BFB54 /* Frameworks */,
			);
			buildRules = (
			);
			dependencies = (
			);
			name = "Voxel_Explorer-mobile";
			productName = iphone;
			productReference = 1D6058910D05DD3D006BFB54 /* Voxel_Explorer-mobile.app */;
			productType = "com.apple.product-type.application";
		};
		5087E73D17EB910900C73F5D /* Voxel_Explorer-desktop */ = {
			isa = PBXNativeTarget;
			buildConfigurationList = 5087E76C17EB910900C73F5D /* Build configuration list for PBXNativeTarget "Voxel_Explorer-desktop" */;
			buildPhases = (
				5087E74817EB910900C73F5D /* Resources */,
				5087E75617EB910900C73F5D /* Sources */,
				5087E75C17EB910900C73F5D /* Frameworks */,
			);
			buildRules = (
			);
			dependencies = (
			);
			name = "Voxel_Explorer-desktop";
			productName = iphone;
			productReference = 5087E76F17EB910900C73F5D /* Voxel_Explorer-desktop.app */;
			productType = "com.apple.product-type.application";
		};
/* End PBXNativeTarget section */

/* Begin PBXProject section */
		29B97313FDCFA39411CA2CEA /* Project object */ = {
			isa = PBXProject;
			attributes = {
				LastUpgradeCheck = 0500;
			};
			buildConfigurationList = C01FCF4E08A954540054247B /* Build configuration list for PBXProject "Voxel_Explorer" */;
			compatibilityVersion = "Xcode 3.2";
			developmentRegion = English;
			hasScannedForEncodings = 1;
			knownRegions = (
				English,
				Japanese,
				French,
				German,
				Base,
				en,
				"zh-Hans",
			);
			mainGroup = 29B97314FDCFA39411CA2CEA /* CustomTemplate */;
			projectDirPath = "";
			projectReferences = (
				{
					ProductGroup = 1AC6FAE6180E9839004C840B /* Products */;
					ProjectRef = 1AC6FAE5180E9839004C840B /* cocos2d_libs.xcodeproj */;
				},
			);
			projectRoot = "";
			targets = (
				1D6058900D05DD3D006BFB54 /* Voxel_Explorer-mobile */,
				5087E73D17EB910900C73F5D /* Voxel_Explorer-desktop */,
			);
		};
/* End PBXProject section */

/* Begin PBXReferenceProxy section */
		1AC6FAF9180E9839004C840B /* libcocos2d Mac.a */ = {
			isa = PBXReferenceProxy;
			fileType = archive.ar;
			path = "libcocos2d Mac.a";
			remoteRef = 1AC6FAF8180E9839004C840B /* PBXContainerItemProxy */;
			sourceTree = BUILT_PRODUCTS_DIR;
		};
		1AC6FB07180E9839004C840B /* libcocos2d iOS.a */ = {
			isa = PBXReferenceProxy;
			fileType = archive.ar;
			path = "libcocos2d iOS.a";
			remoteRef = 1AC6FB06180E9839004C840B /* PBXContainerItemProxy */;
			sourceTree = BUILT_PRODUCTS_DIR;
		};
/* End PBXReferenceProxy section */

/* Begin PBXResourcesBuildPhase section */
		1D60588D0D05DD3D006BFB54 /* Resources */ = {
			isa = PBXResourcesBuildPhase;
			buildActionMask = 2147483647;
			files = (
				5087E78117EB970100C73F5D /* Icon-120.png in Resources */,
				5087E78617EB970100C73F5D /* Icon-76.png in Resources */,
				55D6D67F1BC527D000081221 /* models in Resources */,
				5087E77F17EB970100C73F5D /* Default@2x.png in Resources */,
				50EF629917ECD46A001EB2F8 /* Icon-100.png in Resources */,
				5087E78317EB970100C73F5D /* Icon-152.png in Resources */,
				5087E77D17EB970100C73F5D /* Default-568h@2x.png in Resources */,
				5087E78517EB970100C73F5D /* Icon-72.png in Resources */,
				521A8E6519F0C34300D177D7 /* Default-736h@3x.png in Resources */,
				521A8EA919F11F5000D177D7 /* fonts in Resources */,
				EC67165D1BCE7F5F00C81CFC /* ui in Resources */,
				50EF62A317ECD613001EB2F8 /* Icon-50.png in Resources */,
				5087E78017EB970100C73F5D /* Icon-114.png in Resources */,
				50EF62A217ECD613001EB2F8 /* Icon-29.png in Resources */,
				50EF629617ECD46A001EB2F8 /* Icon-40.png in Resources */,
				5087E78217EB970100C73F5D /* Icon-144.png in Resources */,
				50EF629817ECD46A001EB2F8 /* Icon-80.png in Resources */,
				EC6716591BCE7F5F00C81CFC /* lang in Resources */,
				5087E78417EB970100C73F5D /* Icon-57.png in Resources */,
				5087E77E17EB970100C73F5D /* Default.png in Resources */,
				559B217F1BC65D330047D998 /* textures in Resources */,
				521A8E6419F0C34300D177D7 /* Default-667h@2x.png in Resources */,
				554F00E71BD9CDF600F4DF8E /* data in Resources */,
				50EF629717ECD46A001EB2F8 /* Icon-58.png in Resources */,
			);
			runOnlyForDeploymentPostprocessing = 0;
		};
		5087E74817EB910900C73F5D /* Resources */ = {
			isa = PBXResourcesBuildPhase;
			buildActionMask = 2147483647;
			files = (
				EC67165E1BCE7F5F00C81CFC /* ui in Resources */,
				554F00E81BD9CDF600F4DF8E /* data in Resources */,
				EC67165A1BCE7F5F00C81CFC /* lang in Resources */,
				55D6D6801BC527D000081221 /* models in Resources */,
				503AE0F817EB97AB00D1A890 /* Icon.icns in Resources */,
				559B21801BC65D330047D998 /* textures in Resources */,
				521A8EAA19F11F5000D177D7 /* fonts in Resources */,
			);
			runOnlyForDeploymentPostprocessing = 0;
		};
/* End PBXResourcesBuildPhase section */

/* Begin PBXSourcesBuildPhase section */
		1D60588E0D05DD3D006BFB54 /* Sources */ = {
			isa = PBXSourcesBuildPhase;
			buildActionMask = 2147483647;
			files = (
				55407D641BD64F450000C41C /* ItemProperty.cpp in Sources */,
				551E93EA1BD512D3009F788F /* xor.cpp in Sources */,
				553BC5091BCE499B003D907A /* BaseDoor.cpp in Sources */,
				ECD10D721BD0967B007DD888 /* WrapperUILayer.cpp in Sources */,
				551E93AF1BD51282009F788F /* NativeBridge.mm in Sources */,
				55338AEA1BD892C200EA316F /* Archbishop.cpp in Sources */,
				555B0D151BC51A2C0055FB6D /* AppDelegate.cpp in Sources */,
				555B0D1F1BC51A2C0055FB6D /* StandardLevel.cpp in Sources */,
				551E93E21BD512D3009F788F /* CCCrypto.cpp in Sources */,
				551E93AB1BD51282009F788F /* ChaosNumber.cpp in Sources */,
				551E93F01BD512D3009F788F /* MemoryStream.cpp in Sources */,
				EC00DD5B1BD66586009BC378 /* MenuUILayer.cpp in Sources */,
				551E93C31BD51291009F788F /* LevelResourceManager.cpp in Sources */,
				503AE10017EB989F00D1A890 /* AppController.mm in Sources */,
				551E93EE1BD512D3009F788F /* FileStream.cpp in Sources */,
				503AE10217EB989F00D1A890 /* RootViewController.mm in Sources */,
				503AE10117EB989F00D1A890 /* main.m in Sources */,
				551E93EC1BD512D3009F788F /* XXTEA.cpp in Sources */,
				555B0D251BC51A2C0055FB6D /* VoxelExplorer.cpp in Sources */,
				551E93CB1BD51291009F788F /* PlayerProperty.cpp in Sources */,
				55338AD51BD878BF00EA316F /* StandardMonster.cpp in Sources */,
				EC00DD591BD66586009BC378 /* GameUILayer.cpp in Sources */,
				551E93C71BD51291009F788F /* MonsterProperty.cpp in Sources */,
				ECA2290B1BD9DE1D008E03BB /* ItemUI.cpp in Sources */,
				55338AE21BD8926A00EA316F /* SkeletonKing.cpp in Sources */,
				555B0D1D1BC51A2C0055FB6D /* Graph.cpp in Sources */,
				551E93B11BD51282009F788F /* UtilityHelper.cpp in Sources */,
				55338ADE1BD8925100EA316F /* Warden.cpp in Sources */,
				ECD10D6E1BD0967B007DD888 /* PopupUILayer.cpp in Sources */,
				554F00F61BDA219E00F4DF8E /* PickableItem.cpp in Sources */,
				ECE1B9581BD8E6660035B4D9 /* RolePopUpUI.cpp in Sources */,
				555B0D171BC51A2C0055FB6D /* Area.cpp in Sources */,
				551E93F21BD512D3009F788F /* Stream.cpp in Sources */,
				EC00DD5F1BD665A6009BC378 /* MenuScene.cpp in Sources */,
				554F01051BDA3A3100F4DF8E /* SewerLevel.cpp in Sources */,
				55338ACF1BD8781E00EA316F /* BaseMonster.cpp in Sources */,
				555B0D1B1BC51A2C0055FB6D /* Door.cpp in Sources */,
				551E93E41BD512D3009F788F /* libb64.c in Sources */,
				55338AEE1BD892FC00EA316F /* ShadowDragon.cpp in Sources */,
				551E93C11BD51291009F788F /* ArchiveManager.cpp in Sources */,
				ECE1B9471BD8AC820035B4D9 /* TGridView.cpp in Sources */,
				554F00FA1BDA21B100F4DF8E /* BaseItem.cpp in Sources */,
				553BC50D1BCE5191003D907A /* StandardDoor.cpp in Sources */,
				555B0D231BC51A2C0055FB6D /* GameScene.cpp in Sources */,
				554F00EE1BDA210000F4DF8E /* BaseBoss.cpp in Sources */,
				55407D571BD5E2BC0000C41C /* GameFormula.cpp in Sources */,
				55338ADA1BD8920F00EA316F /* SlimeKing.cpp in Sources */,
				EC6716451BCE7F2C00C81CFC /* LogoScene.cpp in Sources */,
				551E93A91BD51282009F788F /* AlisaMethod.cpp in Sources */,
				555B0D191BC51A2C0055FB6D /* BaseLevel.cpp in Sources */,
				55EC95851BC6AA7B0008D1D7 /* TerrainTile.cpp in Sources */,
				551651C51BD73102004ED7F6 /* RandomDungeon.cpp in Sources */,
				EC7F92D31BCF9ED200B26C6C /* HueSprite.cpp in Sources */,
				55ECFB441BC79852007270CD /* Player.cpp in Sources */,
				ECD10D701BD0967B007DD888 /* PopupUILayerManager.cpp in Sources */,
				ECD10D6C1BD0967B007DD888 /* CloseCallback.cpp in Sources */,
				551E93C51BD51291009F788F /* UserRecord.cpp in Sources */,
				551E93E81BD512D3009F788F /* sha1.cpp in Sources */,
				553BC5011BCDF457003D907A /* Actor.cpp in Sources */,
				551E93E61BD512D3009F788F /* md5.c in Sources */,
				55338AE61BD8928E00EA316F /* Giant.cpp in Sources */,
			);
			runOnlyForDeploymentPostprocessing = 0;
		};
		5087E75617EB910900C73F5D /* Sources */ = {
			isa = PBXSourcesBuildPhase;
			buildActionMask = 2147483647;
			files = (
				551E93C81BD51291009F788F /* MonsterProperty.cpp in Sources */,
				553BC50E1BCE5191003D907A /* StandardDoor.cpp in Sources */,
				55EC95861BC6ABBA0008D1D7 /* TerrainTile.cpp in Sources */,
				551E93E31BD512D3009F788F /* CCCrypto.cpp in Sources */,
				EC00DD5C1BD66586009BC378 /* MenuUILayer.cpp in Sources */,
				EC6716461BCE7F2C00C81CFC /* LogoScene.cpp in Sources */,
				55338ADF1BD8925100EA316F /* Warden.cpp in Sources */,
				551E93E51BD512D3009F788F /* libb64.c in Sources */,
				EC00DD601BD665A6009BC378 /* MenuScene.cpp in Sources */,
				ECD10D731BD0967B007DD888 /* WrapperUILayer.cpp in Sources */,
				55338AE31BD8926A00EA316F /* SkeletonKing.cpp in Sources */,
				55338ADB1BD8921000EA316F /* SlimeKing.cpp in Sources */,
				551651C61BD73102004ED7F6 /* RandomDungeon.cpp in Sources */,
				55338AD01BD8781E00EA316F /* BaseMonster.cpp in Sources */,
				551E93AC1BD51282009F788F /* ChaosNumber.cpp in Sources */,
				EC00DD5A1BD66586009BC378 /* GameUILayer.cpp in Sources */,
				553BC50A1BCE499B003D907A /* BaseDoor.cpp in Sources */,
				55407D581BD5E2BC0000C41C /* GameFormula.cpp in Sources */,
				555B0D261BC51A2C0055FB6D /* VoxelExplorer.cpp in Sources */,
				551E93EB1BD512D3009F788F /* xor.cpp in Sources */,
				555B0D181BC51A2C0055FB6D /* Area.cpp in Sources */,
				EC7F92D41BCF9ED200B26C6C /* HueSprite.cpp in Sources */,
				551E93EF1BD512D3009F788F /* FileStream.cpp in Sources */,
				555B0D201BC51A2C0055FB6D /* StandardLevel.cpp in Sources */,
				55338AEB1BD892C200EA316F /* Archbishop.cpp in Sources */,
				551E93AA1BD51282009F788F /* AlisaMethod.cpp in Sources */,
				555B0D1A1BC51A2C0055FB6D /* BaseLevel.cpp in Sources */,
				555B0D161BC51A2C0055FB6D /* AppDelegate.cpp in Sources */,
				553BC5021BCDF457003D907A /* Actor.cpp in Sources */,
				551E93C21BD51291009F788F /* ArchiveManager.cpp in Sources */,
				554F00F71BDA219E00F4DF8E /* PickableItem.cpp in Sources */,
				55ECFB451BC79852007270CD /* Player.cpp in Sources */,
				503AE10517EB98FF00D1A890 /* main.cpp in Sources */,
				ECD10D711BD0967B007DD888 /* PopupUILayerManager.cpp in Sources */,
				551E93F31BD512D3009F788F /* Stream.cpp in Sources */,
				551E93C41BD51291009F788F /* LevelResourceManager.cpp in Sources */,
				554F00FB1BDA21B100F4DF8E /* BaseItem.cpp in Sources */,
				ECE1B9591BD8E6660035B4D9 /* RolePopUpUI.cpp in Sources */,
				555B0D1E1BC51A2C0055FB6D /* Graph.cpp in Sources */,
				554F01061BDA3A3100F4DF8E /* SewerLevel.cpp in Sources */,
				55407D651BD64F450000C41C /* ItemProperty.cpp in Sources */,
				554F00EF1BDA210000F4DF8E /* BaseBoss.cpp in Sources */,
				551E93B21BD51282009F788F /* UtilityHelper.cpp in Sources */,
				555B0D241BC51A2C0055FB6D /* GameScene.cpp in Sources */,
				ECE1B9481BD8AC820035B4D9 /* TGridView.cpp in Sources */,
				551E93CC1BD51291009F788F /* PlayerProperty.cpp in Sources */,
				551E93ED1BD512D3009F788F /* XXTEA.cpp in Sources */,
				551E93E71BD512D3009F788F /* md5.c in Sources */,
				ECD10D6F1BD0967B007DD888 /* PopupUILayer.cpp in Sources */,
				ECA2290C1BD9DE1D008E03BB /* ItemUI.cpp in Sources */,
				555B0D1C1BC51A2C0055FB6D /* Door.cpp in Sources */,
				55338AEF1BD892FC00EA316F /* ShadowDragon.cpp in Sources */,
				55338AE71BD8928E00EA316F /* Giant.cpp in Sources */,
				ECD10D6D1BD0967B007DD888 /* CloseCallback.cpp in Sources */,
				551E93B01BD51282009F788F /* NativeBridge.mm in Sources */,
				551E93E91BD512D3009F788F /* sha1.cpp in Sources */,
				55338AD61BD878BF00EA316F /* StandardMonster.cpp in Sources */,
				551E93F11BD512D3009F788F /* MemoryStream.cpp in Sources */,
				551E93C61BD51291009F788F /* UserRecord.cpp in Sources */,
			);
			runOnlyForDeploymentPostprocessing = 0;
		};
/* End PBXSourcesBuildPhase section */

/* Begin XCBuildConfiguration section */
		1D6058940D05DD3E006BFB54 /* Debug */ = {
			isa = XCBuildConfiguration;
			buildSettings = {
				ALWAYS_SEARCH_USER_PATHS = YES;
				CODE_SIGN_IDENTITY = "";
				COMPRESS_PNG_FILES = NO;
				ENABLE_BITCODE = NO;
				GCC_DYNAMIC_NO_PIC = NO;
				GCC_INLINES_ARE_PRIVATE_EXTERN = NO;
				GCC_INPUT_FILETYPE = sourcecode.cpp.objcpp;
				GCC_PRECOMPILE_PREFIX_HEADER = YES;
				GCC_PREFIX_HEADER = ios/Prefix.pch;
				GCC_PREPROCESSOR_DEFINITIONS = (
					USE_FILE32API,
					CC_TARGET_OS_IPHONE,
					"COCOS2D_DEBUG=1",
					"CC_ENABLE_CHIPMUNK_INTEGRATION=1",
				);
				GCC_SYMBOLS_PRIVATE_EXTERN = NO;
				HEADER_SEARCH_PATHS = (
					"$(inherited)",
					"$(SRCROOT)/../cocos2d/cocos/platform/ios",
					"$(SRCROOT)/../cocos2d/cocos/platform/ios/Simulation",
				);
				INFOPLIST_FILE = ios/Info.plist;
				IPHONEOS_DEPLOYMENT_TARGET = 6.0;
				LIBRARY_SEARCH_PATHS = "";
				OTHER_LDFLAGS = (
					"$(_COCOS_LIB_IOS_BEGIN)",
					"$(_COCOS_LIB_IOS_END)",
				);
				PROVISIONING_PROFILE = "";
				SDKROOT = iphoneos;
				TARGETED_DEVICE_FAMILY = "1,2";
				USER_HEADER_SEARCH_PATHS = "$(_COCOS_HEADER_IOS_BEGIN) $(_COCOS_HEADER_IOS_END)";
				VALID_ARCHS = "arm64 armv7";
			};
			name = Debug;
		};
		1D6058950D05DD3E006BFB54 /* Release */ = {
			isa = XCBuildConfiguration;
			buildSettings = {
				ALWAYS_SEARCH_USER_PATHS = YES;
				CODE_SIGN_IDENTITY = "";
				COMPRESS_PNG_FILES = NO;
				ENABLE_BITCODE = NO;
				GCC_INLINES_ARE_PRIVATE_EXTERN = NO;
				GCC_INPUT_FILETYPE = sourcecode.cpp.objcpp;
				GCC_PRECOMPILE_PREFIX_HEADER = YES;
				GCC_PREFIX_HEADER = ios/Prefix.pch;
				GCC_PREPROCESSOR_DEFINITIONS = (
					USE_FILE32API,
					CC_TARGET_OS_IPHONE,
					"CC_ENABLE_CHIPMUNK_INTEGRATION=1",
				);
				GCC_SYMBOLS_PRIVATE_EXTERN = NO;
				HEADER_SEARCH_PATHS = (
					"$(inherited)",
					"$(SRCROOT)/../cocos2d/cocos/platform/ios",
					"$(SRCROOT)/../cocos2d/cocos/platform/ios/Simulation",
				);
				INFOPLIST_FILE = ios/Info.plist;
				IPHONEOS_DEPLOYMENT_TARGET = 6.0;
				LIBRARY_SEARCH_PATHS = "";
				OTHER_LDFLAGS = (
					"$(_COCOS_LIB_IOS_BEGIN)",
					"$(_COCOS_LIB_IOS_END)",
				);
				PROVISIONING_PROFILE = "";
				SDKROOT = iphoneos;
				TARGETED_DEVICE_FAMILY = "1,2";
				USER_HEADER_SEARCH_PATHS = "$(_COCOS_HEADER_IOS_BEGIN) $(_COCOS_HEADER_IOS_END)";
				VALID_ARCHS = "arm64 armv7";
			};
			name = Release;
		};
		5087E76D17EB910900C73F5D /* Debug */ = {
			isa = XCBuildConfiguration;
			buildSettings = {
				ALWAYS_SEARCH_USER_PATHS = YES;
				ARCHS = "$(ARCHS_STANDARD_64_BIT)";
				CLANG_CXX_LANGUAGE_STANDARD = "c++0x";
				CLANG_CXX_LIBRARY = "libc++";
				GCC_DYNAMIC_NO_PIC = NO;
				GCC_INLINES_ARE_PRIVATE_EXTERN = NO;
				GCC_INPUT_FILETYPE = sourcecode.cpp.objcpp;
				GCC_PRECOMPILE_PREFIX_HEADER = YES;
				GCC_PREFIX_HEADER = mac/Prefix.pch;
				GCC_PREPROCESSOR_DEFINITIONS = (
					USE_FILE32API,
					CC_TARGET_OS_MAC,
					"COCOS2D_DEBUG=1",
					"CC_ENABLE_CHIPMUNK_INTEGRATION=1",
				);
				GCC_SYMBOLS_PRIVATE_EXTERN = NO;
				HEADER_SEARCH_PATHS = (
					"$(inherited)",
					"$(SRCROOT)/../cocos2d/cocos/platform/mac",
					"$(SRCROOT)/../cocos2d/external/glfw3/include/mac",
				);
				INFOPLIST_FILE = mac/Info.plist;
				LIBRARY_SEARCH_PATHS = "";
				OTHER_LDFLAGS = (
					"$(_COCOS_LIB_MAC_BEGIN)",
					"$(_COCOS_LIB_MAC_END)",
				);
				USER_HEADER_SEARCH_PATHS = "$(_COCOS_HEADER_MAC_BEGIN) $(_COCOS_HEADER_MAC_END)";
			};
			name = Debug;
		};
		5087E76E17EB910900C73F5D /* Release */ = {
			isa = XCBuildConfiguration;
			buildSettings = {
				ALWAYS_SEARCH_USER_PATHS = YES;
				ARCHS = "$(ARCHS_STANDARD_64_BIT)";
				CLANG_CXX_LANGUAGE_STANDARD = "c++0x";
				CLANG_CXX_LIBRARY = "libc++";
				GCC_INLINES_ARE_PRIVATE_EXTERN = NO;
				GCC_INPUT_FILETYPE = sourcecode.cpp.objcpp;
				GCC_PRECOMPILE_PREFIX_HEADER = YES;
				GCC_PREFIX_HEADER = mac/Prefix.pch;
				GCC_PREPROCESSOR_DEFINITIONS = (
					USE_FILE32API,
					CC_TARGET_OS_MAC,
					"CC_ENABLE_CHIPMUNK_INTEGRATION=1",
				);
				GCC_SYMBOLS_PRIVATE_EXTERN = NO;
				HEADER_SEARCH_PATHS = (
					"$(inherited)",
					"$(SRCROOT)/../cocos2d/cocos/platform/mac",
					"$(SRCROOT)/../cocos2d/external/glfw3/include/mac",
				);
				INFOPLIST_FILE = mac/Info.plist;
				LIBRARY_SEARCH_PATHS = "";
				OTHER_LDFLAGS = (
					"$(_COCOS_LIB_MAC_BEGIN)",
					"$(_COCOS_LIB_MAC_END)",
				);
				USER_HEADER_SEARCH_PATHS = "$(_COCOS_HEADER_MAC_BEGIN) $(_COCOS_HEADER_MAC_END)";
			};
			name = Release;
		};
		C01FCF4F08A954540054247B /* Debug */ = {
			isa = XCBuildConfiguration;
			buildSettings = {
				CLANG_CXX_LANGUAGE_STANDARD = "c++0x";
				CLANG_CXX_LIBRARY = "libc++";
				COPY_PHASE_STRIP = NO;
				GCC_OPTIMIZATION_LEVEL = 0;
				GCC_WARN_ABOUT_RETURN_TYPE = YES;
				GCC_WARN_UNUSED_VARIABLE = YES;
				HEADER_SEARCH_PATHS = (
					"$(SRCROOT)/../cocos2d",
					"$(SRCROOT)/../cocos2d/cocos",
					"$(SRCROOT)/../cocos2d/cocos/base",
					"$(SRCROOT)/../cocos2d/cocos/physics",
					"$(SRCROOT)/../cocos2d/cocos/math",
					"$(SRCROOT)/../cocos2d/cocos/2d",
					"$(SRCROOT)/../cocos2d/cocos/ui",
					"$(SRCROOT)/../cocos2d/cocos/network",
					"$(SRCROOT)/../cocos2d/cocos/audio/include",
					"$(SRCROOT)/../cocos2d/cocos/editor-support",
					"$(SRCROOT)/../cocos2d/extensions",
					"$(SRCROOT)/../cocos2d/external",
					"$(SRCROOT)/../cocos2d/external/chipmunk/include/chipmunk",
				);
				MACOSX_DEPLOYMENT_TARGET = 10.10;
				ONLY_ACTIVE_ARCH = YES;
				PRODUCT_NAME = "$(TARGET_NAME)";
				SDKROOT = macosx;
			};
			name = Debug;
		};
		C01FCF5008A954540054247B /* Release */ = {
			isa = XCBuildConfiguration;
			buildSettings = {
				CLANG_CXX_LANGUAGE_STANDARD = "c++0x";
				CLANG_CXX_LIBRARY = "libc++";
				GCC_WARN_ABOUT_RETURN_TYPE = YES;
				GCC_WARN_UNUSED_VARIABLE = YES;
				HEADER_SEARCH_PATHS = (
					"$(SRCROOT)/../cocos2d",
					"$(SRCROOT)/../cocos2d/cocos",
					"$(SRCROOT)/../cocos2d/cocos/base",
					"$(SRCROOT)/../cocos2d/cocos/physics",
					"$(SRCROOT)/../cocos2d/cocos/math",
					"$(SRCROOT)/../cocos2d/cocos/2d",
					"$(SRCROOT)/../cocos2d/cocos/ui",
					"$(SRCROOT)/../cocos2d/cocos/network",
					"$(SRCROOT)/../cocos2d/cocos/audio/include",
					"$(SRCROOT)/../cocos2d/cocos/editor-support",
					"$(SRCROOT)/../cocos2d/extensions",
					"$(SRCROOT)/../cocos2d/external",
					"$(SRCROOT)/../cocos2d/external/chipmunk/include/chipmunk",
				);
				MACOSX_DEPLOYMENT_TARGET = 10.10;
				OTHER_CFLAGS = "-DNS_BLOCK_ASSERTIONS=1";
				PRODUCT_NAME = "$(TARGET_NAME)";
				SDKROOT = macosx;
				VALIDATE_PRODUCT = YES;
			};
			name = Release;
		};
/* End XCBuildConfiguration section */

/* Begin XCConfigurationList section */
		1D6058960D05DD3E006BFB54 /* Build configuration list for PBXNativeTarget "Voxel_Explorer-mobile" */ = {
			isa = XCConfigurationList;
			buildConfigurations = (
				1D6058940D05DD3E006BFB54 /* Debug */,
				1D6058950D05DD3E006BFB54 /* Release */,
			);
			defaultConfigurationIsVisible = 0;
			defaultConfigurationName = Debug;
		};
		5087E76C17EB910900C73F5D /* Build configuration list for PBXNativeTarget "Voxel_Explorer-desktop" */ = {
			isa = XCConfigurationList;
			buildConfigurations = (
				5087E76D17EB910900C73F5D /* Debug */,
				5087E76E17EB910900C73F5D /* Release */,
			);
			defaultConfigurationIsVisible = 0;
			defaultConfigurationName = Debug;
		};
		C01FCF4E08A954540054247B /* Build configuration list for PBXProject "Voxel_Explorer" */ = {
			isa = XCConfigurationList;
			buildConfigurations = (
				C01FCF4F08A954540054247B /* Debug */,
				C01FCF5008A954540054247B /* Release */,
			);
			defaultConfigurationIsVisible = 0;
			defaultConfigurationName = Debug;
		};
/* End XCConfigurationList section */
	};
	rootObject = 29B97313FDCFA39411CA2CEA /* Project object */;
}
